// !$*UTF8*$!
{
	archiveVersion = 1;
	classes = {
	};
	objectVersion = 56;
	objects = {

/* Begin PBXBuildFile section */
		92010CE128EC575A007BEA7F /* User.swift in Sources */ = {isa = PBXBuildFile; fileRef = 92010CE028EC575A007BEA7F /* User.swift */; };
		92010CE328EC622B007BEA7F /* NetworkService.swift in Sources */ = {isa = PBXBuildFile; fileRef = 92010CE228EC622B007BEA7F /* NetworkService.swift */; };
		9290BB8D28EC37E1009DE6FA /* AppDelegate.swift in Sources */ = {isa = PBXBuildFile; fileRef = 9290BB8C28EC37E1009DE6FA /* AppDelegate.swift */; };
		9290BB8F28EC37E1009DE6FA /* SceneDelegate.swift in Sources */ = {isa = PBXBuildFile; fileRef = 9290BB8E28EC37E1009DE6FA /* SceneDelegate.swift */; };
		9290BB9128EC37E1009DE6FA /* LoginViewController.swift in Sources */ = {isa = PBXBuildFile; fileRef = 9290BB9028EC37E1009DE6FA /* LoginViewController.swift */; };
		9290BB9428EC37E1009DE6FA /* Main.storyboard in Resources */ = {isa = PBXBuildFile; fileRef = 9290BB9228EC37E1009DE6FA /* Main.storyboard */; };
		9290BB9728EC37E1009DE6FA /* MVC_Architecture.xcdatamodeld in Sources */ = {isa = PBXBuildFile; fileRef = 9290BB9528EC37E1009DE6FA /* MVC_Architecture.xcdatamodeld */; };
		9290BB9928EC37E2009DE6FA /* Assets.xcassets in Resources */ = {isa = PBXBuildFile; fileRef = 9290BB9828EC37E2009DE6FA /* Assets.xcassets */; };
		9290BB9C28EC37E2009DE6FA /* LaunchScreen.storyboard in Resources */ = {isa = PBXBuildFile; fileRef = 9290BB9A28EC37E2009DE6FA /* LaunchScreen.storyboard */; };
		9290BBA428EC3CF8009DE6FA /* MVC.png in Resources */ = {isa = PBXBuildFile; fileRef = 9290BBA328EC3CF8009DE6FA /* MVC.png */; };
		9290BBA628EC3E27009DE6FA /* HomeViewController.swift in Sources */ = {isa = PBXBuildFile; fileRef = 9290BBA528EC3E27009DE6FA /* HomeViewController.swift */; };
/* End PBXBuildFile section */

/* Begin PBXFileReference section */
		92010CE028EC575A007BEA7F /* User.swift */ = {isa = PBXFileReference; lastKnownFileType = sourcecode.swift; path = User.swift; sourceTree = "<group>"; };
		92010CE228EC622B007BEA7F /* NetworkService.swift */ = {isa = PBXFileReference; lastKnownFileType = sourcecode.swift; path = NetworkService.swift; sourceTree = "<group>"; };
		9290BB8928EC37E1009DE6FA /* MVC_Architecture.app */ = {isa = PBXFileReference; explicitFileType = wrapper.application; includeInIndex = 0; path = MVC_Architecture.app; sourceTree = BUILT_PRODUCTS_DIR; };
		9290BB8C28EC37E1009DE6FA /* AppDelegate.swift */ = {isa = PBXFileReference; lastKnownFileType = sourcecode.swift; path = AppDelegate.swift; sourceTree = "<group>"; };
		9290BB8E28EC37E1009DE6FA /* SceneDelegate.swift */ = {isa = PBXFileReference; lastKnownFileType = sourcecode.swift; path = SceneDelegate.swift; sourceTree = "<group>"; };
		9290BB9028EC37E1009DE6FA /* LoginViewController.swift */ = {isa = PBXFileReference; lastKnownFileType = sourcecode.swift; path = LoginViewController.swift; sourceTree = "<group>"; };
		9290BB9328EC37E1009DE6FA /* Base */ = {isa = PBXFileReference; lastKnownFileType = file.storyboard; name = Base; path = Base.lproj/Main.storyboard; sourceTree = "<group>"; };
		9290BB9628EC37E1009DE6FA /* MVC_Architecture.xcdatamodel */ = {isa = PBXFileReference; lastKnownFileType = wrapper.xcdatamodel; path = MVC_Architecture.xcdatamodel; sourceTree = "<group>"; };
		9290BB9828EC37E2009DE6FA /* Assets.xcassets */ = {isa = PBXFileReference; lastKnownFileType = folder.assetcatalog; path = Assets.xcassets; sourceTree = "<group>"; };
		9290BB9B28EC37E2009DE6FA /* Base */ = {isa = PBXFileReference; lastKnownFileType = file.storyboard; name = Base; path = Base.lproj/LaunchScreen.storyboard; sourceTree = "<group>"; };
		9290BB9D28EC37E2009DE6FA /* Info.plist */ = {isa = PBXFileReference; lastKnownFileType = text.plist.xml; path = Info.plist; sourceTree = "<group>"; };
		9290BBA328EC3CF8009DE6FA /* MVC.png */ = {isa = PBXFileReference; lastKnownFileType = image.png; path = MVC.png; sourceTree = "<group>"; };
		9290BBA528EC3E27009DE6FA /* HomeViewController.swift */ = {isa = PBXFileReference; lastKnownFileType = sourcecode.swift; path = HomeViewController.swift; sourceTree = "<group>"; };
/* End PBXFileReference section */

/* Begin PBXFrameworksBuildPhase section */
		9290BB8628EC37E1009DE6FA /* Frameworks */ = {
			isa = PBXFrameworksBuildPhase;
			buildActionMask = 2147483647;
			files = (
			);
			runOnlyForDeploymentPostprocessing = 0;
		};
/* End PBXFrameworksBuildPhase section */

/* Begin PBXGroup section */
		9290BB8028EC37E1009DE6FA = {
			isa = PBXGroup;
			children = (
				9290BB8B28EC37E1009DE6FA /* MVC_Architecture */,
				9290BB8A28EC37E1009DE6FA /* Products */,
			);
			sourceTree = "<group>";
		};
		9290BB8A28EC37E1009DE6FA /* Products */ = {
			isa = PBXGroup;
			children = (
				9290BB8928EC37E1009DE6FA /* MVC_Architecture.app */,
			);
			name = Products;
			sourceTree = "<group>";
		};
		9290BB8B28EC37E1009DE6FA /* MVC_Architecture */ = {
			isa = PBXGroup;
			children = (
				92010CE028EC575A007BEA7F /* User.swift */,
				92010CE228EC622B007BEA7F /* NetworkService.swift */,
				9290BB9028EC37E1009DE6FA /* LoginViewController.swift */,
				9290BBA528EC3E27009DE6FA /* HomeViewController.swift */,
				9290BB9228EC37E1009DE6FA /* Main.storyboard */,
				9290BB8C28EC37E1009DE6FA /* AppDelegate.swift */,
				9290BB8E28EC37E1009DE6FA /* SceneDelegate.swift */,
				9290BB9828EC37E2009DE6FA /* Assets.xcassets */,
				9290BB9A28EC37E2009DE6FA /* LaunchScreen.storyboard */,
				9290BB9D28EC37E2009DE6FA /* Info.plist */,
				9290BB9528EC37E1009DE6FA /* MVC_Architecture.xcdatamodeld */,
				9290BBA328EC3CF8009DE6FA /* MVC.png */,
			);
			path = MVC_Architecture;
			sourceTree = "<group>";
		};
/* End PBXGroup section */

/* Begin PBXNativeTarget section */
		9290BB8828EC37E1009DE6FA /* MVC_Architecture */ = {
			isa = PBXNativeTarget;
			buildConfigurationList = 9290BBA028EC37E2009DE6FA /* Build configuration list for PBXNativeTarget "MVC_Architecture" */;
			buildPhases = (
				9290BB8528EC37E1009DE6FA /* Sources */,
				9290BB8628EC37E1009DE6FA /* Frameworks */,
				9290BB8728EC37E1009DE6FA /* Resources */,
			);
			buildRules = (
			);
			dependencies = (
			);
			name = MVC_Architecture;
			productName = MVC_Architecture;
			productReference = 9290BB8928EC37E1009DE6FA /* MVC_Architecture.app */;
			productType = "com.apple.product-type.application";
		};
/* End PBXNativeTarget section */

/* Begin PBXProject section */
		9290BB8128EC37E1009DE6FA /* Project object */ = {
			isa = PBXProject;
			attributes = {
				BuildIndependentTargetsInParallel = 1;
				LastSwiftUpdateCheck = 1400;
				LastUpgradeCheck = 1400;
				TargetAttributes = {
					9290BB8828EC37E1009DE6FA = {
						CreatedOnToolsVersion = 14.0.1;
					};
				};
			};
			buildConfigurationList = 9290BB8428EC37E1009DE6FA /* Build configuration list for PBXProject "MVC_Architecture" */;
			compatibilityVersion = "Xcode 14.0";
			developmentRegion = en;
			hasScannedForEncodings = 0;
			knownRegions = (
				en,
				Base,
			);
			mainGroup = 9290BB8028EC37E1009DE6FA;
			productRefGroup = 9290BB8A28EC37E1009DE6FA /* Products */;
			projectDirPath = "";
			projectRoot = "";
			targets = (
				9290BB8828EC37E1009DE6FA /* MVC_Architecture */,
			);
		};
/* End PBXProject section */

/* Begin PBXResourcesBuildPhase section */
		9290BB8728EC37E1009DE6FA /* Resources */ = {
			isa = PBXResourcesBuildPhase;
			buildActionMask = 2147483647;
			files = (
				9290BBA428EC3CF8009DE6FA /* MVC.png in Resources */,
				9290BB9C28EC37E2009DE6FA /* LaunchScreen.storyboard in Resources */,
				9290BB9928EC37E2009DE6FA /* Assets.xcassets in Resources */,
				9290BB9428EC37E1009DE6FA /* Main.storyboard in Resources */,
			);
			runOnlyForDeploymentPostprocessing = 0;
		};
/* End PBXResourcesBuildPhase section */

/* Begin PBXSourcesBuildPhase section */
		9290BB8528EC37E1009DE6FA /* Sources */ = {
			isa = PBXSourcesBuildPhase;
			buildActionMask = 2147483647;
			files = (
				9290BBA628EC3E27009DE6FA /* HomeViewController.swift in Sources */,
				9290BB9128EC37E1009DE6FA /* LoginViewController.swift in Sources */,
				92010CE128EC575A007BEA7F /* User.swift in Sources */,
				9290BB9728EC37E1009DE6FA /* MVC_Architecture.xcdatamodeld in Sources */,
				9290BB8D28EC37E1009DE6FA /* AppDelegate.swift in Sources */,
				9290BB8F28EC37E1009DE6FA /* SceneDelegate.swift in Sources */,
				92010CE328EC622B007BEA7F /* NetworkService.swift in Sources */,
			);
			runOnlyForDeploymentPostprocessing = 0;
		};
/* End PBXSourcesBuildPhase section */

/* Begin PBXVariantGroup section */
		9290BB9228EC37E1009DE6FA /* Main.storyboard */ = {
			isa = PBXVariantGroup;
			children = (
				9290BB9328EC37E1009DE6FA /* Base */,
			);
			name = Main.storyboard;
			sourceTree = "<group>";
		};
		9290BB9A28EC37E2009DE6FA /* LaunchScreen.storyboard */ = {
			isa = PBXVariantGroup;
			children = (
				9290BB9B28EC37E2009DE6FA /* Base */,
			);
			name = LaunchScreen.storyboard;
			sourceTree = "<group>";
		};
/* End PBXVariantGroup section */

/* Begin XCBuildConfiguration section */
		9290BB9E28EC37E2009DE6FA /* Debug */ = {
			isa = XCBuildConfiguration;
			buildSettings = {
				ALWAYS_SEARCH_USER_PATHS = NO;
				CLANG_ANALYZER_NONNULL = YES;
				CLANG_ANALYZER_NUMBER_OBJECT_CONVERSION = YES_AGGRESSIVE;
				CLANG_CXX_LANGUAGE_STANDARD = "gnu++20";
				CLANG_ENABLE_MODULES = YES;
				CLANG_ENABLE_OBJC_ARC = YES;
				CLANG_ENABLE_OBJC_WEAK = YES;
				CLANG_WARN_BLOCK_CAPTURE_AUTORELEASING = YES;
				CLANG_WARN_BOOL_CONVERSION = YES;
				CLANG_WARN_COMMA = YES;
				CLANG_WARN_CONSTANT_CONVERSION = YES;
				CLANG_WARN_DEPRECATED_OBJC_IMPLEMENTATIONS = YES;
				CLANG_WARN_DIRECT_OBJC_ISA_USAGE = YES_ERROR;
				CLANG_WARN_DOCUMENTATION_COMMENTS = YES;
				CLANG_WARN_EMPTY_BODY = YES;
				CLANG_WARN_ENUM_CONVERSION = YES;
				CLANG_WARN_INFINITE_RECURSION = YES;
				CLANG_WARN_INT_CONVERSION = YES;
				CLANG_WARN_NON_LITERAL_NULL_CONVERSION = YES;
				CLANG_WARN_OBJC_IMPLICIT_RETAIN_SELF = YES;
				CLANG_WARN_OBJC_LITERAL_CONVERSION = YES;
				CLANG_WARN_OBJC_ROOT_CLASS = YES_ERROR;
				CLANG_WARN_QUOTED_INCLUDE_IN_FRAMEWORK_HEADER = YES;
				CLANG_WARN_RANGE_LOOP_ANALYSIS = YES;
				CLANG_WARN_STRICT_PROTOTYPES = YES;
				CLANG_WARN_SUSPICIOUS_MOVE = YES;
				CLANG_WARN_UNGUARDED_AVAILABILITY = YES_AGGRESSIVE;
				CLANG_WARN_UNREACHABLE_CODE = YES;
				CLANG_WARN__DUPLICATE_METHOD_MATCH = YES;
				COPY_PHASE_STRIP = NO;
				DEBUG_INFORMATION_FORMAT = dwarf;
				ENABLE_STRICT_OBJC_MSGSEND = YES;
				ENABLE_TESTABILITY = YES;
				GCC_C_LANGUAGE_STANDARD = gnu11;
				GCC_DYNAMIC_NO_PIC = NO;
				GCC_NO_COMMON_BLOCKS = YES;
				GCC_OPTIMIZATION_LEVEL = 0;
				GCC_PREPROCESSOR_DEFINITIONS = (
					"DEBUG=1",
					"$(inherited)",
				);
				GCC_WARN_64_TO_32_BIT_CONVERSION = YES;
				GCC_WARN_ABOUT_RETURN_TYPE = YES_ERROR;
				GCC_WARN_UNDECLARED_SELECTOR = YES;
				GCC_WARN_UNINITIALIZED_AUTOS = YES_AGGRESSIVE;
				GCC_WARN_UNUSED_FUNCTION = YES;
				GCC_WARN_UNUSED_VARIABLE = YES;
				IPHONEOS_DEPLOYMENT_TARGET = 16.0;
				MTL_ENABLE_DEBUG_INFO = INCLUDE_SOURCE;
				MTL_FAST_MATH = YES;
				ONLY_ACTIVE_ARCH = YES;
				SDKROOT = iphoneos;
				SWIFT_ACTIVE_COMPILATION_CONDITIONS = DEBUG;
				SWIFT_OPTIMIZATION_LEVEL = "-Onone";
			};
			name = Debug;
		};
		9290BB9F28EC37E2009DE6FA /* Release */ = {
			isa = XCBuildConfiguration;
			buildSettings = {
				ALWAYS_SEARCH_USER_PATHS = NO;
				CLANG_ANALYZER_NONNULL = YES;
				CLANG_ANALYZER_NUMBER_OBJECT_CONVERSION = YES_AGGRESSIVE;
				CLANG_CXX_LANGUAGE_STANDARD = "gnu++20";
				CLANG_ENABLE_MODULES = YES;
				CLANG_ENABLE_OBJC_ARC = YES;
				CLANG_ENABLE_OBJC_WEAK = YES;
				CLANG_WARN_BLOCK_CAPTURE_AUTORELEASING = YES;
				CLANG_WARN_BOOL_CONVERSION = YES;
				CLANG_WARN_COMMA = YES;
				CLANG_WARN_CONSTANT_CONVERSION = YES;
				CLANG_WARN_DEPRECATED_OBJC_IMPLEMENTATIONS = YES;
				CLANG_WARN_DIRECT_OBJC_ISA_USAGE = YES_ERROR;
				CLANG_WARN_DOCUMENTATION_COMMENTS = YES;
				CLANG_WARN_EMPTY_BODY = YES;
				CLANG_WARN_ENUM_CONVERSION = YES;
				CLANG_WARN_INFINITE_RECURSION = YES;
				CLANG_WARN_INT_CONVERSION = YES;
				CLANG_WARN_NON_LITERAL_NULL_CONVERSION = YES;
				CLANG_WARN_OBJC_IMPLICIT_RETAIN_SELF = YES;
				CLANG_WARN_OBJC_LITERAL_CONVERSION = YES;
				CLANG_WARN_OBJC_ROOT_CLASS = YES_ERROR;
				CLANG_WARN_QUOTED_INCLUDE_IN_FRAMEWORK_HEADER = YES;
				CLANG_WARN_RANGE_LOOP_ANALYSIS = YES;
				CLANG_WARN_STRICT_PROTOTYPES = YES;
				CLANG_WARN_SUSPICIOUS_MOVE = YES;
				CLANG_WARN_UNGUARDED_AVAILABILITY = YES_AGGRESSIVE;
				CLANG_WARN_UNREACHABLE_CODE = YES;
				CLANG_WARN__DUPLICATE_METHOD_MATCH = YES;
				COPY_PHASE_STRIP = NO;
				DEBUG_INFORMATION_FORMAT = "dwarf-with-dsym";
				ENABLE_NS_ASSERTIONS = NO;
				ENABLE_STRICT_OBJC_MSGSEND = YES;
				GCC_C_LANGUAGE_STANDARD = gnu11;
				GCC_NO_COMMON_BLOCKS = YES;
				GCC_WARN_64_TO_32_BIT_CONVERSION = YES;
				GCC_WARN_ABOUT_RETURN_TYPE = YES_ERROR;
				GCC_WARN_UNDECLARED_SELECTOR = YES;
				GCC_WARN_UNINITIALIZED_AUTOS = YES_AGGRESSIVE;
				GCC_WARN_UNUSED_FUNCTION = YES;
				GCC_WARN_UNUSED_VARIABLE = YES;
				IPHONEOS_DEPLOYMENT_TARGET = 16.0;
				MTL_ENABLE_DEBUG_INFO = NO;
				MTL_FAST_MATH = YES;
				SDKROOT = iphoneos;
				SWIFT_COMPILATION_MODE = wholemodule;
				SWIFT_OPTIMIZATION_LEVEL = "-O";
				VALIDATE_PRODUCT = YES;
			};
			name = Release;
		};
		9290BBA128EC37E2009DE6FA /* Debug */ = {
			isa = XCBuildConfiguration;
			buildSettings = {
				ASSETCATALOG_COMPILER_APPICON_NAME = AppIcon;
				ASSETCATALOG_COMPILER_GLOBAL_ACCENT_COLOR_NAME = AccentColor;
				CODE_SIGN_STYLE = Automatic;
				CURRENT_PROJECT_VERSION = 1;
				DEVELOPMENT_TEAM = N9SPXNXF4B;
				GENERATE_INFOPLIST_FILE = YES;
				INFOPLIST_FILE = MVC_Architecture/Info.plist;
				INFOPLIST_KEY_UIApplicationSupportsIndirectInputEvents = YES;
				INFOPLIST_KEY_UILaunchStoryboardName = LaunchScreen;
				INFOPLIST_KEY_UIMainStoryboardFile = Main;
				INFOPLIST_KEY_UISupportedInterfaceOrientations_iPad = "UIInterfaceOrientationPortrait UIInterfaceOrientationPortraitUpsideDown UIInterfaceOrientationLandscapeLeft UIInterfaceOrientationLandscapeRight";
				INFOPLIST_KEY_UISupportedInterfaceOrientations_iPhone = "UIInterfaceOrientationPortrait UIInterfaceOrientationLandscapeLeft UIInterfaceOrientationLandscapeRight";
				LD_RUNPATH_SEARCH_PATHS = (
					"$(inherited)",
					"@executable_path/Frameworks",
				);
				MARKETING_VERSION = 1.0;
				PRODUCT_BUNDLE_IDENTIFIER = "pl.wspaleniak.MVC-Architecture";
				PRODUCT_NAME = "$(TARGET_NAME)";
				SWIFT_EMIT_LOC_STRINGS = YES;
				SWIFT_VERSION = 5.0;
				TARGETED_DEVICE_FAMILY = "1,2";
			};
			name = Debug;
		};
		9290BBA228EC37E2009DE6FA /* Release */ = {
			isa = XCBuildConfiguration;
			buildSettings = {
				ASSETCATALOG_COMPILER_APPICON_NAME = AppIcon;
				ASSETCATALOG_COMPILER_GLOBAL_ACCENT_COLOR_NAME = AccentColor;
				CODE_SIGN_STYLE = Automatic;
				CURRENT_PROJECT_VERSION = 1;
				DEVELOPMENT_TEAM = N9SPXNXF4B;
				GENERATE_INFOPLIST_FILE = YES;
				INFOPLIST_FILE = MVC_Architecture/Info.plist;
				INFOPLIST_KEY_UIApplicationSupportsIndirectInputEvents = YES;
				INFOPLIST_KEY_UILaunchStoryboardName = LaunchScreen;
				INFOPLIST_KEY_UIMainStoryboardFile = Main;
				INFOPLIST_KEY_UISupportedInterfaceOrientations_iPad = "UIInterfaceOrientationPortrait UIInterfaceOrientationPortraitUpsideDown UIInterfaceOrientationLandscapeLeft UIInterfaceOrientationLandscapeRight";
				INFOPLIST_KEY_UISupportedInterfaceOrientations_iPhone = "UIInterfaceOrientationPortrait UIInterfaceOrientationLandscapeLeft UIInterfaceOrientationLandscapeRight";
				LD_RUNPATH_SEARCH_PATHS = (
					"$(inherited)",
					"@executable_path/Frameworks",
				);
				MARKETING_VERSION = 1.0;
				PRODUCT_BUNDLE_IDENTIFIER = "pl.wspaleniak.MVC-Architecture";
				PRODUCT_NAME = "$(TARGET_NAME)";
				SWIFT_EMIT_LOC_STRINGS = YES;
				SWIFT_VERSION = 5.0;
				TARGETED_DEVICE_FAMILY = "1,2";
			};
			name = Release;
		};
/* End XCBuildConfiguration section */

/* Begin XCConfigurationList section */
		9290BB8428EC37E1009DE6FA /* Build configuration list for PBXProject "MVC_Architecture" */ = {
			isa = XCConfigurationList;
			buildConfigurations = (
				9290BB9E28EC37E2009DE6FA /* Debug */,
				9290BB9F28EC37E2009DE6FA /* Release */,
			);
			defaultConfigurationIsVisible = 0;
			defaultConfigurationName = Release;
		};
		9290BBA028EC37E2009DE6FA /* Build configuration list for PBXNativeTarget "MVC_Architecture" */ = {
			isa = XCConfigurationList;
			buildConfigurations = (
				9290BBA128EC37E2009DE6FA /* Debug */,
				9290BBA228EC37E2009DE6FA /* Release */,
			);
			defaultConfigurationIsVisible = 0;
			defaultConfigurationName = Release;
		};
/* End XCConfigurationList section */

/* Begin XCVersionGroup section */
		9290BB9528EC37E1009DE6FA /* MVC_Architecture.xcdatamodeld */ = {
			isa = XCVersionGroup;
			children = (
				9290BB9628EC37E1009DE6FA /* MVC_Architecture.xcdatamodel */,
			);
			currentVersion = 9290BB9628EC37E1009DE6FA /* MVC_Architecture.xcdatamodel */;
			path = MVC_Architecture.xcdatamodeld;
			sourceTree = "<group>";
			versionGroupType = wrapper.xcdatamodel;
		};
/* End XCVersionGroup section */
	};
	rootObject = 9290BB8128EC37E1009DE6FA /* Project object */;
}
