// !$*UTF8*$!
{
	archiveVersion = 1;
	classes = {
	};
	objectVersion = 56;
	objects = {

/* Begin PBXBuildFile section */
		924C3A6229048E6F00D75BE4 /* UITestingUITests.swift in Sources */ = {isa = PBXBuildFile; fileRef = 924C3A6129048E6F00D75BE4 /* UITestingUITests.swift */; };
		924C3A6429048E6F00D75BE4 /* UITestingUITestsLaunchTests.swift in Sources */ = {isa = PBXBuildFile; fileRef = 924C3A6329048E6F00D75BE4 /* UITestingUITestsLaunchTests.swift */; };
		92FB1D47290301D700443E86 /* AppDelegate.swift in Sources */ = {isa = PBXBuildFile; fileRef = 92FB1D46290301D700443E86 /* AppDelegate.swift */; };
		92FB1D49290301D700443E86 /* SceneDelegate.swift in Sources */ = {isa = PBXBuildFile; fileRef = 92FB1D48290301D700443E86 /* SceneDelegate.swift */; };
		92FB1D4B290301D700443E86 /* ViewController.swift in Sources */ = {isa = PBXBuildFile; fileRef = 92FB1D4A290301D700443E86 /* ViewController.swift */; };
		92FB1D4E290301D700443E86 /* Main.storyboard in Resources */ = {isa = PBXBuildFile; fileRef = 92FB1D4C290301D700443E86 /* Main.storyboard */; };
		92FB1D50290301D700443E86 /* Assets.xcassets in Resources */ = {isa = PBXBuildFile; fileRef = 92FB1D4F290301D700443E86 /* Assets.xcassets */; };
		92FB1D53290301D700443E86 /* LaunchScreen.storyboard in Resources */ = {isa = PBXBuildFile; fileRef = 92FB1D51290301D700443E86 /* LaunchScreen.storyboard */; };
/* End PBXBuildFile section */

/* Begin PBXContainerItemProxy section */
		924C3A6529048E6F00D75BE4 /* PBXContainerItemProxy */ = {
			isa = PBXContainerItemProxy;
			containerPortal = 92FB1D3B290301D700443E86 /* Project object */;
			proxyType = 1;
			remoteGlobalIDString = 92FB1D42290301D700443E86;
			remoteInfo = UITesting;
		};
/* End PBXContainerItemProxy section */

/* Begin PBXFileReference section */
		924C3A5F29048E6E00D75BE4 /* UITestingUITests.xctest */ = {isa = PBXFileReference; explicitFileType = wrapper.cfbundle; includeInIndex = 0; path = UITestingUITests.xctest; sourceTree = BUILT_PRODUCTS_DIR; };
		924C3A6129048E6F00D75BE4 /* UITestingUITests.swift */ = {isa = PBXFileReference; lastKnownFileType = sourcecode.swift; path = UITestingUITests.swift; sourceTree = "<group>"; };
		924C3A6329048E6F00D75BE4 /* UITestingUITestsLaunchTests.swift */ = {isa = PBXFileReference; lastKnownFileType = sourcecode.swift; path = UITestingUITestsLaunchTests.swift; sourceTree = "<group>"; };
		92FB1D43290301D700443E86 /* UITesting.app */ = {isa = PBXFileReference; explicitFileType = wrapper.application; includeInIndex = 0; path = UITesting.app; sourceTree = BUILT_PRODUCTS_DIR; };
		92FB1D46290301D700443E86 /* AppDelegate.swift */ = {isa = PBXFileReference; lastKnownFileType = sourcecode.swift; path = AppDelegate.swift; sourceTree = "<group>"; };
		92FB1D48290301D700443E86 /* SceneDelegate.swift */ = {isa = PBXFileReference; lastKnownFileType = sourcecode.swift; path = SceneDelegate.swift; sourceTree = "<group>"; };
		92FB1D4A290301D700443E86 /* ViewController.swift */ = {isa = PBXFileReference; lastKnownFileType = sourcecode.swift; path = ViewController.swift; sourceTree = "<group>"; };
		92FB1D4D290301D700443E86 /* Base */ = {isa = PBXFileReference; lastKnownFileType = file.storyboard; name = Base; path = Base.lproj/Main.storyboard; sourceTree = "<group>"; };
		92FB1D4F290301D700443E86 /* Assets.xcassets */ = {isa = PBXFileReference; lastKnownFileType = folder.assetcatalog; path = Assets.xcassets; sourceTree = "<group>"; };
		92FB1D52290301D700443E86 /* Base */ = {isa = PBXFileReference; lastKnownFileType = file.storyboard; name = Base; path = Base.lproj/LaunchScreen.storyboard; sourceTree = "<group>"; };
		92FB1D54290301D700443E86 /* Info.plist */ = {isa = PBXFileReference; lastKnownFileType = text.plist.xml; path = Info.plist; sourceTree = "<group>"; };
/* End PBXFileReference section */

/* Begin PBXFrameworksBuildPhase section */
		924C3A5C29048E6E00D75BE4 /* Frameworks */ = {
			isa = PBXFrameworksBuildPhase;
			buildActionMask = 2147483647;
			files = (
			);
			runOnlyForDeploymentPostprocessing = 0;
		};
		92FB1D40290301D700443E86 /* Frameworks */ = {
			isa = PBXFrameworksBuildPhase;
			buildActionMask = 2147483647;
			files = (
			);
			runOnlyForDeploymentPostprocessing = 0;
		};
/* End PBXFrameworksBuildPhase section */

/* Begin PBXGroup section */
		924C3A6029048E6F00D75BE4 /* UITestingUITests */ = {
			isa = PBXGroup;
			children = (
				924C3A6129048E6F00D75BE4 /* UITestingUITests.swift */,
				924C3A6329048E6F00D75BE4 /* UITestingUITestsLaunchTests.swift */,
			);
			path = UITestingUITests;
			sourceTree = "<group>";
		};
		92FB1D3A290301D700443E86 = {
			isa = PBXGroup;
			children = (
				92FB1D45290301D700443E86 /* UITesting */,
				924C3A6029048E6F00D75BE4 /* UITestingUITests */,
				92FB1D44290301D700443E86 /* Products */,
			);
			sourceTree = "<group>";
		};
		92FB1D44290301D700443E86 /* Products */ = {
			isa = PBXGroup;
			children = (
				92FB1D43290301D700443E86 /* UITesting.app */,
				924C3A5F29048E6E00D75BE4 /* UITestingUITests.xctest */,
			);
			name = Products;
			sourceTree = "<group>";
		};
		92FB1D45290301D700443E86 /* UITesting */ = {
			isa = PBXGroup;
			children = (
				92FB1D46290301D700443E86 /* AppDelegate.swift */,
				92FB1D48290301D700443E86 /* SceneDelegate.swift */,
				92FB1D4A290301D700443E86 /* ViewController.swift */,
				92FB1D4C290301D700443E86 /* Main.storyboard */,
				92FB1D4F290301D700443E86 /* Assets.xcassets */,
				92FB1D51290301D700443E86 /* LaunchScreen.storyboard */,
				92FB1D54290301D700443E86 /* Info.plist */,
			);
			path = UITesting;
			sourceTree = "<group>";
		};
/* End PBXGroup section */

/* Begin PBXNativeTarget section */
		924C3A5E29048E6E00D75BE4 /* UITestingUITests */ = {
			isa = PBXNativeTarget;
			buildConfigurationList = 924C3A6929048E6F00D75BE4 /* Build configuration list for PBXNativeTarget "UITestingUITests" */;
			buildPhases = (
				924C3A5B29048E6E00D75BE4 /* Sources */,
				924C3A5C29048E6E00D75BE4 /* Frameworks */,
				924C3A5D29048E6E00D75BE4 /* Resources */,
			);
			buildRules = (
			);
			dependencies = (
				924C3A6629048E6F00D75BE4 /* PBXTargetDependency */,
			);
			name = UITestingUITests;
			productName = UITestingUITests;
			productReference = 924C3A5F29048E6E00D75BE4 /* UITestingUITests.xctest */;
			productType = "com.apple.product-type.bundle.ui-testing";
		};
		92FB1D42290301D700443E86 /* UITesting */ = {
			isa = PBXNativeTarget;
			buildConfigurationList = 92FB1D57290301D700443E86 /* Build configuration list for PBXNativeTarget "UITesting" */;
			buildPhases = (
				92FB1D3F290301D700443E86 /* Sources */,
				92FB1D40290301D700443E86 /* Frameworks */,
				92FB1D41290301D700443E86 /* Resources */,
			);
			buildRules = (
			);
			dependencies = (
			);
			name = UITesting;
			productName = UITesting;
			productReference = 92FB1D43290301D700443E86 /* UITesting.app */;
			productType = "com.apple.product-type.application";
		};
/* End PBXNativeTarget section */

/* Begin PBXProject section */
		92FB1D3B290301D700443E86 /* Project object */ = {
			isa = PBXProject;
			attributes = {
				BuildIndependentTargetsInParallel = 1;
				LastSwiftUpdateCheck = 1400;
				LastUpgradeCheck = 1400;
				TargetAttributes = {
					924C3A5E29048E6E00D75BE4 = {
						CreatedOnToolsVersion = 14.0.1;
						TestTargetID = 92FB1D42290301D700443E86;
					};
					92FB1D42290301D700443E86 = {
						CreatedOnToolsVersion = 14.0.1;
					};
				};
			};
			buildConfigurationList = 92FB1D3E290301D700443E86 /* Build configuration list for PBXProject "UITesting" */;
			compatibilityVersion = "Xcode 14.0";
			developmentRegion = en;
			hasScannedForEncodings = 0;
			knownRegions = (
				en,
				Base,
			);
			mainGroup = 92FB1D3A290301D700443E86;
			productRefGroup = 92FB1D44290301D700443E86 /* Products */;
			projectDirPath = "";
			projectRoot = "";
			targets = (
				92FB1D42290301D700443E86 /* UITesting */,
				924C3A5E29048E6E00D75BE4 /* UITestingUITests */,
			);
		};
/* End PBXProject section */

/* Begin PBXResourcesBuildPhase section */
		924C3A5D29048E6E00D75BE4 /* Resources */ = {
			isa = PBXResourcesBuildPhase;
			buildActionMask = 2147483647;
			files = (
			);
			runOnlyForDeploymentPostprocessing = 0;
		};
		92FB1D41290301D700443E86 /* Resources */ = {
			isa = PBXResourcesBuildPhase;
			buildActionMask = 2147483647;
			files = (
				92FB1D53290301D700443E86 /* LaunchScreen.storyboard in Resources */,
				92FB1D50290301D700443E86 /* Assets.xcassets in Resources */,
				92FB1D4E290301D700443E86 /* Main.storyboard in Resources */,
			);
			runOnlyForDeploymentPostprocessing = 0;
		};
/* End PBXResourcesBuildPhase section */

/* Begin PBXSourcesBuildPhase section */
		924C3A5B29048E6E00D75BE4 /* Sources */ = {
			isa = PBXSourcesBuildPhase;
			buildActionMask = 2147483647;
			files = (
				924C3A6229048E6F00D75BE4 /* UITestingUITests.swift in Sources */,
				924C3A6429048E6F00D75BE4 /* UITestingUITestsLaunchTests.swift in Sources */,
			);
			runOnlyForDeploymentPostprocessing = 0;
		};
		92FB1D3F290301D700443E86 /* Sources */ = {
			isa = PBXSourcesBuildPhase;
			buildActionMask = 2147483647;
			files = (
				92FB1D4B290301D700443E86 /* ViewController.swift in Sources */,
				92FB1D47290301D700443E86 /* AppDelegate.swift in Sources */,
				92FB1D49290301D700443E86 /* SceneDelegate.swift in Sources */,
			);
			runOnlyForDeploymentPostprocessing = 0;
		};
/* End PBXSourcesBuildPhase section */

/* Begin PBXTargetDependency section */
		924C3A6629048E6F00D75BE4 /* PBXTargetDependency */ = {
			isa = PBXTargetDependency;
			target = 92FB1D42290301D700443E86 /* UITesting */;
			targetProxy = 924C3A6529048E6F00D75BE4 /* PBXContainerItemProxy */;
		};
/* End PBXTargetDependency section */

/* Begin PBXVariantGroup section */
		92FB1D4C290301D700443E86 /* Main.storyboard */ = {
			isa = PBXVariantGroup;
			children = (
				92FB1D4D290301D700443E86 /* Base */,
			);
			name = Main.storyboard;
			sourceTree = "<group>";
		};
		92FB1D51290301D700443E86 /* LaunchScreen.storyboard */ = {
			isa = PBXVariantGroup;
			children = (
				92FB1D52290301D700443E86 /* Base */,
			);
			name = LaunchScreen.storyboard;
			sourceTree = "<group>";
		};
/* End PBXVariantGroup section */

/* Begin XCBuildConfiguration section */
		924C3A6729048E6F00D75BE4 /* Debug */ = {
			isa = XCBuildConfiguration;
			buildSettings = {
				CODE_SIGN_STYLE = Automatic;
				CURRENT_PROJECT_VERSION = 1;
				DEVELOPMENT_TEAM = N9SPXNXF4B;
				GENERATE_INFOPLIST_FILE = YES;
				MARKETING_VERSION = 1.0;
				PRODUCT_BUNDLE_IDENTIFIER = pl.wspaleniak.UITestingUITests;
				PRODUCT_NAME = "$(TARGET_NAME)";
				SUPPORTED_PLATFORMS = "iphoneos iphonesimulator";
				SUPPORTS_MACCATALYST = NO;
				SUPPORTS_MAC_DESIGNED_FOR_IPHONE_IPAD = NO;
				SWIFT_EMIT_LOC_STRINGS = NO;
				SWIFT_VERSION = 5.0;
				TARGETED_DEVICE_FAMILY = 1;
				TEST_TARGET_NAME = UITesting;
			};
			name = Debug;
		};
		924C3A6829048E6F00D75BE4 /* Release */ = {
			isa = XCBuildConfiguration;
			buildSettings = {
				CODE_SIGN_STYLE = Automatic;
				CURRENT_PROJECT_VERSION = 1;
				DEVELOPMENT_TEAM = N9SPXNXF4B;
				GENERATE_INFOPLIST_FILE = YES;
				MARKETING_VERSION = 1.0;
				PRODUCT_BUNDLE_IDENTIFIER = pl.wspaleniak.UITestingUITests;
				PRODUCT_NAME = "$(TARGET_NAME)";
				SUPPORTED_PLATFORMS = "iphoneos iphonesimulator";
				SUPPORTS_MACCATALYST = NO;
				SUPPORTS_MAC_DESIGNED_FOR_IPHONE_IPAD = NO;
				SWIFT_EMIT_LOC_STRINGS = NO;
				SWIFT_VERSION = 5.0;
				TARGETED_DEVICE_FAMILY = 1;
				TEST_TARGET_NAME = UITesting;
			};
			name = Release;
		};
		92FB1D55290301D700443E86 /* Debug */ = {
			isa = XCBuildConfiguration;
			buildSettings = {
				ALWAYS_SEARCH_USER_PATHS = NO;
				CLANG_ANALYZER_NONNULL = YES;
				CLANG_ANALYZER_NUMBER_OBJECT_CONVERSION = YES_AGGRESSIVE;
				CLANG_CXX_LANGUAGE_STANDARD = "gnu++20";
				CLANG_ENABLE_MODULES = YES;
				CLANG_ENABLE_OBJC_ARC = YES;
				CLANG_ENABLE_OBJC_WEAK = YES;
				CLANG_WARN_BLOCK_CAPTURE_AUTORELEASING = YES;
				CLANG_WARN_BOOL_CONVERSION = YES;
				CLANG_WARN_COMMA = YES;
				CLANG_WARN_CONSTANT_CONVERSION = YES;
				CLANG_WARN_DEPRECATED_OBJC_IMPLEMENTATIONS = YES;
				CLANG_WARN_DIRECT_OBJC_ISA_USAGE = YES_ERROR;
				CLANG_WARN_DOCUMENTATION_COMMENTS = YES;
				CLANG_WARN_EMPTY_BODY = YES;
				CLANG_WARN_ENUM_CONVERSION = YES;
				CLANG_WARN_INFINITE_RECURSION = YES;
				CLANG_WARN_INT_CONVERSION = YES;
				CLANG_WARN_NON_LITERAL_NULL_CONVERSION = YES;
				CLANG_WARN_OBJC_IMPLICIT_RETAIN_SELF = YES;
				CLANG_WARN_OBJC_LITERAL_CONVERSION = YES;
				CLANG_WARN_OBJC_ROOT_CLASS = YES_ERROR;
				CLANG_WARN_QUOTED_INCLUDE_IN_FRAMEWORK_HEADER = YES;
				CLANG_WARN_RANGE_LOOP_ANALYSIS = YES;
				CLANG_WARN_STRICT_PROTOTYPES = YES;
				CLANG_WARN_SUSPICIOUS_MOVE = YES;
				CLANG_WARN_UNGUARDED_AVAILABILITY = YES_AGGRESSIVE;
				CLANG_WARN_UNREACHABLE_CODE = YES;
				CLANG_WARN__DUPLICATE_METHOD_MATCH = YES;
				COPY_PHASE_STRIP = NO;
				DEBUG_INFORMATION_FORMAT = dwarf;
				ENABLE_STRICT_OBJC_MSGSEND = YES;
				ENABLE_TESTABILITY = YES;
				GCC_C_LANGUAGE_STANDARD = gnu11;
				GCC_DYNAMIC_NO_PIC = NO;
				GCC_NO_COMMON_BLOCKS = YES;
				GCC_OPTIMIZATION_LEVEL = 0;
				GCC_PREPROCESSOR_DEFINITIONS = (
					"DEBUG=1",
					"$(inherited)",
				);
				GCC_WARN_64_TO_32_BIT_CONVERSION = YES;
				GCC_WARN_ABOUT_RETURN_TYPE = YES_ERROR;
				GCC_WARN_UNDECLARED_SELECTOR = YES;
				GCC_WARN_UNINITIALIZED_AUTOS = YES_AGGRESSIVE;
				GCC_WARN_UNUSED_FUNCTION = YES;
				GCC_WARN_UNUSED_VARIABLE = YES;
				IPHONEOS_DEPLOYMENT_TARGET = 16.0;
				MTL_ENABLE_DEBUG_INFO = INCLUDE_SOURCE;
				MTL_FAST_MATH = YES;
				ONLY_ACTIVE_ARCH = YES;
				SDKROOT = iphoneos;
				SWIFT_ACTIVE_COMPILATION_CONDITIONS = DEBUG;
				SWIFT_OPTIMIZATION_LEVEL = "-Onone";
			};
			name = Debug;
		};
		92FB1D56290301D700443E86 /* Release */ = {
			isa = XCBuildConfiguration;
			buildSettings = {
				ALWAYS_SEARCH_USER_PATHS = NO;
				CLANG_ANALYZER_NONNULL = YES;
				CLANG_ANALYZER_NUMBER_OBJECT_CONVERSION = YES_AGGRESSIVE;
				CLANG_CXX_LANGUAGE_STANDARD = "gnu++20";
				CLANG_ENABLE_MODULES = YES;
				CLANG_ENABLE_OBJC_ARC = YES;
				CLANG_ENABLE_OBJC_WEAK = YES;
				CLANG_WARN_BLOCK_CAPTURE_AUTORELEASING = YES;
				CLANG_WARN_BOOL_CONVERSION = YES;
				CLANG_WARN_COMMA = YES;
				CLANG_WARN_CONSTANT_CONVERSION = YES;
				CLANG_WARN_DEPRECATED_OBJC_IMPLEMENTATIONS = YES;
				CLANG_WARN_DIRECT_OBJC_ISA_USAGE = YES_ERROR;
				CLANG_WARN_DOCUMENTATION_COMMENTS = YES;
				CLANG_WARN_EMPTY_BODY = YES;
				CLANG_WARN_ENUM_CONVERSION = YES;
				CLANG_WARN_INFINITE_RECURSION = YES;
				CLANG_WARN_INT_CONVERSION = YES;
				CLANG_WARN_NON_LITERAL_NULL_CONVERSION = YES;
				CLANG_WARN_OBJC_IMPLICIT_RETAIN_SELF = YES;
				CLANG_WARN_OBJC_LITERAL_CONVERSION = YES;
				CLANG_WARN_OBJC_ROOT_CLASS = YES_ERROR;
				CLANG_WARN_QUOTED_INCLUDE_IN_FRAMEWORK_HEADER = YES;
				CLANG_WARN_RANGE_LOOP_ANALYSIS = YES;
				CLANG_WARN_STRICT_PROTOTYPES = YES;
				CLANG_WARN_SUSPICIOUS_MOVE = YES;
				CLANG_WARN_UNGUARDED_AVAILABILITY = YES_AGGRESSIVE;
				CLANG_WARN_UNREACHABLE_CODE = YES;
				CLANG_WARN__DUPLICATE_METHOD_MATCH = YES;
				COPY_PHASE_STRIP = NO;
				DEBUG_INFORMATION_FORMAT = "dwarf-with-dsym";
				ENABLE_NS_ASSERTIONS = NO;
				ENABLE_STRICT_OBJC_MSGSEND = YES;
				GCC_C_LANGUAGE_STANDARD = gnu11;
				GCC_NO_COMMON_BLOCKS = YES;
				GCC_WARN_64_TO_32_BIT_CONVERSION = YES;
				GCC_WARN_ABOUT_RETURN_TYPE = YES_ERROR;
				GCC_WARN_UNDECLARED_SELECTOR = YES;
				GCC_WARN_UNINITIALIZED_AUTOS = YES_AGGRESSIVE;
				GCC_WARN_UNUSED_FUNCTION = YES;
				GCC_WARN_UNUSED_VARIABLE = YES;
				IPHONEOS_DEPLOYMENT_TARGET = 16.0;
				MTL_ENABLE_DEBUG_INFO = NO;
				MTL_FAST_MATH = YES;
				SDKROOT = iphoneos;
				SWIFT_COMPILATION_MODE = wholemodule;
				SWIFT_OPTIMIZATION_LEVEL = "-O";
				VALIDATE_PRODUCT = YES;
			};
			name = Release;
		};
		92FB1D58290301D700443E86 /* Debug */ = {
			isa = XCBuildConfiguration;
			buildSettings = {
				ASSETCATALOG_COMPILER_APPICON_NAME = AppIcon;
				ASSETCATALOG_COMPILER_GLOBAL_ACCENT_COLOR_NAME = AccentColor;
				CODE_SIGN_STYLE = Automatic;
				CURRENT_PROJECT_VERSION = 1;
				DEVELOPMENT_TEAM = N9SPXNXF4B;
				GENERATE_INFOPLIST_FILE = YES;
				INFOPLIST_FILE = UITesting/Info.plist;
				INFOPLIST_KEY_UIApplicationSupportsIndirectInputEvents = YES;
				INFOPLIST_KEY_UILaunchStoryboardName = LaunchScreen;
				INFOPLIST_KEY_UIMainStoryboardFile = Main;
				INFOPLIST_KEY_UISupportedInterfaceOrientations_iPad = "UIInterfaceOrientationPortrait UIInterfaceOrientationPortraitUpsideDown UIInterfaceOrientationLandscapeLeft UIInterfaceOrientationLandscapeRight";
				INFOPLIST_KEY_UISupportedInterfaceOrientations_iPhone = "UIInterfaceOrientationPortrait UIInterfaceOrientationLandscapeLeft UIInterfaceOrientationLandscapeRight";
				LD_RUNPATH_SEARCH_PATHS = (
					"$(inherited)",
					"@executable_path/Frameworks",
				);
				MARKETING_VERSION = 1.0;
				PRODUCT_BUNDLE_IDENTIFIER = pl.wspaleniak.UITesting;
				PRODUCT_NAME = "$(TARGET_NAME)";
				SUPPORTED_PLATFORMS = "iphoneos iphonesimulator";
				SUPPORTS_MACCATALYST = NO;
				SUPPORTS_MAC_DESIGNED_FOR_IPHONE_IPAD = NO;
				SWIFT_EMIT_LOC_STRINGS = YES;
				SWIFT_VERSION = 5.0;
				TARGETED_DEVICE_FAMILY = 1;
			};
			name = Debug;
		};
		92FB1D59290301D700443E86 /* Release */ = {
			isa = XCBuildConfiguration;
			buildSettings = {
				ASSETCATALOG_COMPILER_APPICON_NAME = AppIcon;
				ASSETCATALOG_COMPILER_GLOBAL_ACCENT_COLOR_NAME = AccentColor;
				CODE_SIGN_STYLE = Automatic;
				CURRENT_PROJECT_VERSION = 1;
				DEVELOPMENT_TEAM = N9SPXNXF4B;
				GENERATE_INFOPLIST_FILE = YES;
				INFOPLIST_FILE = UITesting/Info.plist;
				INFOPLIST_KEY_UIApplicationSupportsIndirectInputEvents = YES;
				INFOPLIST_KEY_UILaunchStoryboardName = LaunchScreen;
				INFOPLIST_KEY_UIMainStoryboardFile = Main;
				INFOPLIST_KEY_UISupportedInterfaceOrientations_iPad = "UIInterfaceOrientationPortrait UIInterfaceOrientationPortraitUpsideDown UIInterfaceOrientationLandscapeLeft UIInterfaceOrientationLandscapeRight";
				INFOPLIST_KEY_UISupportedInterfaceOrientations_iPhone = "UIInterfaceOrientationPortrait UIInterfaceOrientationLandscapeLeft UIInterfaceOrientationLandscapeRight";
				LD_RUNPATH_SEARCH_PATHS = (
					"$(inherited)",
					"@executable_path/Frameworks",
				);
				MARKETING_VERSION = 1.0;
				PRODUCT_BUNDLE_IDENTIFIER = pl.wspaleniak.UITesting;
				PRODUCT_NAME = "$(TARGET_NAME)";
				SUPPORTED_PLATFORMS = "iphoneos iphonesimulator";
				SUPPORTS_MACCATALYST = NO;
				SUPPORTS_MAC_DESIGNED_FOR_IPHONE_IPAD = NO;
				SWIFT_EMIT_LOC_STRINGS = YES;
				SWIFT_VERSION = 5.0;
				TARGETED_DEVICE_FAMILY = 1;
			};
			name = Release;
		};
/* End XCBuildConfiguration section */

/* Begin XCConfigurationList section */
		924C3A6929048E6F00D75BE4 /* Build configuration list for PBXNativeTarget "UITestingUITests" */ = {
			isa = XCConfigurationList;
			buildConfigurations = (
				924C3A6729048E6F00D75BE4 /* Debug */,
				924C3A6829048E6F00D75BE4 /* Release */,
			);
			defaultConfigurationIsVisible = 0;
			defaultConfigurationName = Release;
		};
		92FB1D3E290301D700443E86 /* Build configuration list for PBXProject "UITesting" */ = {
			isa = XCConfigurationList;
			buildConfigurations = (
				92FB1D55290301D700443E86 /* Debug */,
				92FB1D56290301D700443E86 /* Release */,
			);
			defaultConfigurationIsVisible = 0;
			defaultConfigurationName = Release;
		};
		92FB1D57290301D700443E86 /* Build configuration list for PBXNativeTarget "UITesting" */ = {
			isa = XCConfigurationList;
			buildConfigurations = (
				92FB1D58290301D700443E86 /* Debug */,
				92FB1D59290301D700443E86 /* Release */,
			);
			defaultConfigurationIsVisible = 0;
			defaultConfigurationName = Release;
		};
/* End XCConfigurationList section */
	};
	rootObject = 92FB1D3B290301D700443E86 /* Project object */;
}
