// !$*UTF8*$!
{
	archiveVersion = 1;
	classes = {
	};
	objectVersion = 56;
	objects = {

/* Begin PBXBuildFile section */
		92671B6E28FC86BA00B823CB /* AppDelegate.swift in Sources */ = {isa = PBXBuildFile; fileRef = 92671B6D28FC86BA00B823CB /* AppDelegate.swift */; };
		92671B7028FC86BA00B823CB /* SceneDelegate.swift in Sources */ = {isa = PBXBuildFile; fileRef = 92671B6F28FC86BA00B823CB /* SceneDelegate.swift */; };
		92671B7228FC86BA00B823CB /* ViewController.swift in Sources */ = {isa = PBXBuildFile; fileRef = 92671B7128FC86BA00B823CB /* ViewController.swift */; };
		92671B7528FC86BA00B823CB /* Main.storyboard in Resources */ = {isa = PBXBuildFile; fileRef = 92671B7328FC86BA00B823CB /* Main.storyboard */; };
		92671B7828FC86BA00B823CB /* URLSession_DataTask_Codable.xcdatamodeld in Sources */ = {isa = PBXBuildFile; fileRef = 92671B7628FC86BA00B823CB /* URLSession_DataTask_Codable.xcdatamodeld */; };
		92671B7A28FC86BB00B823CB /* Assets.xcassets in Resources */ = {isa = PBXBuildFile; fileRef = 92671B7928FC86BB00B823CB /* Assets.xcassets */; };
		92671B7D28FC86BB00B823CB /* LaunchScreen.storyboard in Resources */ = {isa = PBXBuildFile; fileRef = 92671B7B28FC86BB00B823CB /* LaunchScreen.storyboard */; };
		92671B8528FC921D00B823CB /* Post.swift in Sources */ = {isa = PBXBuildFile; fileRef = 92671B8428FC921D00B823CB /* Post.swift */; };
/* End PBXBuildFile section */

/* Begin PBXFileReference section */
		92671B6A28FC86BA00B823CB /* URLSession_DataTask+Codable.app */ = {isa = PBXFileReference; explicitFileType = wrapper.application; includeInIndex = 0; path = "URLSession_DataTask+Codable.app"; sourceTree = BUILT_PRODUCTS_DIR; };
		92671B6D28FC86BA00B823CB /* AppDelegate.swift */ = {isa = PBXFileReference; lastKnownFileType = sourcecode.swift; path = AppDelegate.swift; sourceTree = "<group>"; };
		92671B6F28FC86BA00B823CB /* SceneDelegate.swift */ = {isa = PBXFileReference; lastKnownFileType = sourcecode.swift; path = SceneDelegate.swift; sourceTree = "<group>"; };
		92671B7128FC86BA00B823CB /* ViewController.swift */ = {isa = PBXFileReference; lastKnownFileType = sourcecode.swift; path = ViewController.swift; sourceTree = "<group>"; };
		92671B7428FC86BA00B823CB /* Base */ = {isa = PBXFileReference; lastKnownFileType = file.storyboard; name = Base; path = Base.lproj/Main.storyboard; sourceTree = "<group>"; };
		92671B7728FC86BA00B823CB /* URLSession_DataTask_Codable.xcdatamodel */ = {isa = PBXFileReference; lastKnownFileType = wrapper.xcdatamodel; path = URLSession_DataTask_Codable.xcdatamodel; sourceTree = "<group>"; };
		92671B7928FC86BB00B823CB /* Assets.xcassets */ = {isa = PBXFileReference; lastKnownFileType = folder.assetcatalog; path = Assets.xcassets; sourceTree = "<group>"; };
		92671B7C28FC86BB00B823CB /* Base */ = {isa = PBXFileReference; lastKnownFileType = file.storyboard; name = Base; path = Base.lproj/LaunchScreen.storyboard; sourceTree = "<group>"; };
		92671B7E28FC86BB00B823CB /* Info.plist */ = {isa = PBXFileReference; lastKnownFileType = text.plist.xml; path = Info.plist; sourceTree = "<group>"; };
		92671B8428FC921D00B823CB /* Post.swift */ = {isa = PBXFileReference; lastKnownFileType = sourcecode.swift; path = Post.swift; sourceTree = "<group>"; };
/* End PBXFileReference section */

/* Begin PBXFrameworksBuildPhase section */
		92671B6728FC86BA00B823CB /* Frameworks */ = {
			isa = PBXFrameworksBuildPhase;
			buildActionMask = 2147483647;
			files = (
			);
			runOnlyForDeploymentPostprocessing = 0;
		};
/* End PBXFrameworksBuildPhase section */

/* Begin PBXGroup section */
		92671B6128FC86BA00B823CB = {
			isa = PBXGroup;
			children = (
				92671B6C28FC86BA00B823CB /* URLSession_DataTask+Codable */,
				92671B6B28FC86BA00B823CB /* Products */,
			);
			sourceTree = "<group>";
		};
		92671B6B28FC86BA00B823CB /* Products */ = {
			isa = PBXGroup;
			children = (
				92671B6A28FC86BA00B823CB /* URLSession_DataTask+Codable.app */,
			);
			name = Products;
			sourceTree = "<group>";
		};
		92671B6C28FC86BA00B823CB /* URLSession_DataTask+Codable */ = {
			isa = PBXGroup;
			children = (
				92671B6D28FC86BA00B823CB /* AppDelegate.swift */,
				92671B6F28FC86BA00B823CB /* SceneDelegate.swift */,
				92671B7128FC86BA00B823CB /* ViewController.swift */,
				92671B7328FC86BA00B823CB /* Main.storyboard */,
				92671B7928FC86BB00B823CB /* Assets.xcassets */,
				92671B7B28FC86BB00B823CB /* LaunchScreen.storyboard */,
				92671B7E28FC86BB00B823CB /* Info.plist */,
				92671B7628FC86BA00B823CB /* URLSession_DataTask_Codable.xcdatamodeld */,
				92671B8428FC921D00B823CB /* Post.swift */,
			);
			path = "URLSession_DataTask+Codable";
			sourceTree = "<group>";
		};
/* End PBXGroup section */

/* Begin PBXNativeTarget section */
		92671B6928FC86BA00B823CB /* URLSession_DataTask+Codable */ = {
			isa = PBXNativeTarget;
			buildConfigurationList = 92671B8128FC86BB00B823CB /* Build configuration list for PBXNativeTarget "URLSession_DataTask+Codable" */;
			buildPhases = (
				92671B6628FC86BA00B823CB /* Sources */,
				92671B6728FC86BA00B823CB /* Frameworks */,
				92671B6828FC86BA00B823CB /* Resources */,
			);
			buildRules = (
			);
			dependencies = (
			);
			name = "URLSession_DataTask+Codable";
			productName = "URLSession_DataTask+Codable";
			productReference = 92671B6A28FC86BA00B823CB /* URLSession_DataTask+Codable.app */;
			productType = "com.apple.product-type.application";
		};
/* End PBXNativeTarget section */

/* Begin PBXProject section */
		92671B6228FC86BA00B823CB /* Project object */ = {
			isa = PBXProject;
			attributes = {
				BuildIndependentTargetsInParallel = 1;
				LastSwiftUpdateCheck = 1400;
				LastUpgradeCheck = 1400;
				TargetAttributes = {
					92671B6928FC86BA00B823CB = {
						CreatedOnToolsVersion = 14.0.1;
					};
				};
			};
			buildConfigurationList = 92671B6528FC86BA00B823CB /* Build configuration list for PBXProject "URLSession_DataTask+Codable" */;
			compatibilityVersion = "Xcode 14.0";
			developmentRegion = en;
			hasScannedForEncodings = 0;
			knownRegions = (
				en,
				Base,
			);
			mainGroup = 92671B6128FC86BA00B823CB;
			productRefGroup = 92671B6B28FC86BA00B823CB /* Products */;
			projectDirPath = "";
			projectRoot = "";
			targets = (
				92671B6928FC86BA00B823CB /* URLSession_DataTask+Codable */,
			);
		};
/* End PBXProject section */

/* Begin PBXResourcesBuildPhase section */
		92671B6828FC86BA00B823CB /* Resources */ = {
			isa = PBXResourcesBuildPhase;
			buildActionMask = 2147483647;
			files = (
				92671B7D28FC86BB00B823CB /* LaunchScreen.storyboard in Resources */,
				92671B7A28FC86BB00B823CB /* Assets.xcassets in Resources */,
				92671B7528FC86BA00B823CB /* Main.storyboard in Resources */,
			);
			runOnlyForDeploymentPostprocessing = 0;
		};
/* End PBXResourcesBuildPhase section */

/* Begin PBXSourcesBuildPhase section */
		92671B6628FC86BA00B823CB /* Sources */ = {
			isa = PBXSourcesBuildPhase;
			buildActionMask = 2147483647;
			files = (
				92671B7828FC86BA00B823CB /* URLSession_DataTask_Codable.xcdatamodeld in Sources */,
				92671B7228FC86BA00B823CB /* ViewController.swift in Sources */,
				92671B6E28FC86BA00B823CB /* AppDelegate.swift in Sources */,
				92671B7028FC86BA00B823CB /* SceneDelegate.swift in Sources */,
				92671B8528FC921D00B823CB /* Post.swift in Sources */,
			);
			runOnlyForDeploymentPostprocessing = 0;
		};
/* End PBXSourcesBuildPhase section */

/* Begin PBXVariantGroup section */
		92671B7328FC86BA00B823CB /* Main.storyboard */ = {
			isa = PBXVariantGroup;
			children = (
				92671B7428FC86BA00B823CB /* Base */,
			);
			name = Main.storyboard;
			sourceTree = "<group>";
		};
		92671B7B28FC86BB00B823CB /* LaunchScreen.storyboard */ = {
			isa = PBXVariantGroup;
			children = (
				92671B7C28FC86BB00B823CB /* Base */,
			);
			name = LaunchScreen.storyboard;
			sourceTree = "<group>";
		};
/* End PBXVariantGroup section */

/* Begin XCBuildConfiguration section */
		92671B7F28FC86BB00B823CB /* Debug */ = {
			isa = XCBuildConfiguration;
			buildSettings = {
				ALWAYS_SEARCH_USER_PATHS = NO;
				CLANG_ANALYZER_NONNULL = YES;
				CLANG_ANALYZER_NUMBER_OBJECT_CONVERSION = YES_AGGRESSIVE;
				CLANG_CXX_LANGUAGE_STANDARD = "gnu++20";
				CLANG_ENABLE_MODULES = YES;
				CLANG_ENABLE_OBJC_ARC = YES;
				CLANG_ENABLE_OBJC_WEAK = YES;
				CLANG_WARN_BLOCK_CAPTURE_AUTORELEASING = YES;
				CLANG_WARN_BOOL_CONVERSION = YES;
				CLANG_WARN_COMMA = YES;
				CLANG_WARN_CONSTANT_CONVERSION = YES;
				CLANG_WARN_DEPRECATED_OBJC_IMPLEMENTATIONS = YES;
				CLANG_WARN_DIRECT_OBJC_ISA_USAGE = YES_ERROR;
				CLANG_WARN_DOCUMENTATION_COMMENTS = YES;
				CLANG_WARN_EMPTY_BODY = YES;
				CLANG_WARN_ENUM_CONVERSION = YES;
				CLANG_WARN_INFINITE_RECURSION = YES;
				CLANG_WARN_INT_CONVERSION = YES;
				CLANG_WARN_NON_LITERAL_NULL_CONVERSION = YES;
				CLANG_WARN_OBJC_IMPLICIT_RETAIN_SELF = YES;
				CLANG_WARN_OBJC_LITERAL_CONVERSION = YES;
				CLANG_WARN_OBJC_ROOT_CLASS = YES_ERROR;
				CLANG_WARN_QUOTED_INCLUDE_IN_FRAMEWORK_HEADER = YES;
				CLANG_WARN_RANGE_LOOP_ANALYSIS = YES;
				CLANG_WARN_STRICT_PROTOTYPES = YES;
				CLANG_WARN_SUSPICIOUS_MOVE = YES;
				CLANG_WARN_UNGUARDED_AVAILABILITY = YES_AGGRESSIVE;
				CLANG_WARN_UNREACHABLE_CODE = YES;
				CLANG_WARN__DUPLICATE_METHOD_MATCH = YES;
				COPY_PHASE_STRIP = NO;
				DEBUG_INFORMATION_FORMAT = dwarf;
				ENABLE_STRICT_OBJC_MSGSEND = YES;
				ENABLE_TESTABILITY = YES;
				GCC_C_LANGUAGE_STANDARD = gnu11;
				GCC_DYNAMIC_NO_PIC = NO;
				GCC_NO_COMMON_BLOCKS = YES;
				GCC_OPTIMIZATION_LEVEL = 0;
				GCC_PREPROCESSOR_DEFINITIONS = (
					"DEBUG=1",
					"$(inherited)",
				);
				GCC_WARN_64_TO_32_BIT_CONVERSION = YES;
				GCC_WARN_ABOUT_RETURN_TYPE = YES_ERROR;
				GCC_WARN_UNDECLARED_SELECTOR = YES;
				GCC_WARN_UNINITIALIZED_AUTOS = YES_AGGRESSIVE;
				GCC_WARN_UNUSED_FUNCTION = YES;
				GCC_WARN_UNUSED_VARIABLE = YES;
				IPHONEOS_DEPLOYMENT_TARGET = 16.0;
				MTL_ENABLE_DEBUG_INFO = INCLUDE_SOURCE;
				MTL_FAST_MATH = YES;
				ONLY_ACTIVE_ARCH = YES;
				SDKROOT = iphoneos;
				SWIFT_ACTIVE_COMPILATION_CONDITIONS = DEBUG;
				SWIFT_OPTIMIZATION_LEVEL = "-Onone";
			};
			name = Debug;
		};
		92671B8028FC86BB00B823CB /* Release */ = {
			isa = XCBuildConfiguration;
			buildSettings = {
				ALWAYS_SEARCH_USER_PATHS = NO;
				CLANG_ANALYZER_NONNULL = YES;
				CLANG_ANALYZER_NUMBER_OBJECT_CONVERSION = YES_AGGRESSIVE;
				CLANG_CXX_LANGUAGE_STANDARD = "gnu++20";
				CLANG_ENABLE_MODULES = YES;
				CLANG_ENABLE_OBJC_ARC = YES;
				CLANG_ENABLE_OBJC_WEAK = YES;
				CLANG_WARN_BLOCK_CAPTURE_AUTORELEASING = YES;
				CLANG_WARN_BOOL_CONVERSION = YES;
				CLANG_WARN_COMMA = YES;
				CLANG_WARN_CONSTANT_CONVERSION = YES;
				CLANG_WARN_DEPRECATED_OBJC_IMPLEMENTATIONS = YES;
				CLANG_WARN_DIRECT_OBJC_ISA_USAGE = YES_ERROR;
				CLANG_WARN_DOCUMENTATION_COMMENTS = YES;
				CLANG_WARN_EMPTY_BODY = YES;
				CLANG_WARN_ENUM_CONVERSION = YES;
				CLANG_WARN_INFINITE_RECURSION = YES;
				CLANG_WARN_INT_CONVERSION = YES;
				CLANG_WARN_NON_LITERAL_NULL_CONVERSION = YES;
				CLANG_WARN_OBJC_IMPLICIT_RETAIN_SELF = YES;
				CLANG_WARN_OBJC_LITERAL_CONVERSION = YES;
				CLANG_WARN_OBJC_ROOT_CLASS = YES_ERROR;
				CLANG_WARN_QUOTED_INCLUDE_IN_FRAMEWORK_HEADER = YES;
				CLANG_WARN_RANGE_LOOP_ANALYSIS = YES;
				CLANG_WARN_STRICT_PROTOTYPES = YES;
				CLANG_WARN_SUSPICIOUS_MOVE = YES;
				CLANG_WARN_UNGUARDED_AVAILABILITY = YES_AGGRESSIVE;
				CLANG_WARN_UNREACHABLE_CODE = YES;
				CLANG_WARN__DUPLICATE_METHOD_MATCH = YES;
				COPY_PHASE_STRIP = NO;
				DEBUG_INFORMATION_FORMAT = "dwarf-with-dsym";
				ENABLE_NS_ASSERTIONS = NO;
				ENABLE_STRICT_OBJC_MSGSEND = YES;
				GCC_C_LANGUAGE_STANDARD = gnu11;
				GCC_NO_COMMON_BLOCKS = YES;
				GCC_WARN_64_TO_32_BIT_CONVERSION = YES;
				GCC_WARN_ABOUT_RETURN_TYPE = YES_ERROR;
				GCC_WARN_UNDECLARED_SELECTOR = YES;
				GCC_WARN_UNINITIALIZED_AUTOS = YES_AGGRESSIVE;
				GCC_WARN_UNUSED_FUNCTION = YES;
				GCC_WARN_UNUSED_VARIABLE = YES;
				IPHONEOS_DEPLOYMENT_TARGET = 16.0;
				MTL_ENABLE_DEBUG_INFO = NO;
				MTL_FAST_MATH = YES;
				SDKROOT = iphoneos;
				SWIFT_COMPILATION_MODE = wholemodule;
				SWIFT_OPTIMIZATION_LEVEL = "-O";
				VALIDATE_PRODUCT = YES;
			};
			name = Release;
		};
		92671B8228FC86BB00B823CB /* Debug */ = {
			isa = XCBuildConfiguration;
			buildSettings = {
				ASSETCATALOG_COMPILER_APPICON_NAME = AppIcon;
				ASSETCATALOG_COMPILER_GLOBAL_ACCENT_COLOR_NAME = AccentColor;
				CODE_SIGN_STYLE = Automatic;
				CURRENT_PROJECT_VERSION = 1;
				DEVELOPMENT_TEAM = N9SPXNXF4B;
				GENERATE_INFOPLIST_FILE = YES;
				INFOPLIST_FILE = "URLSession_DataTask+Codable/Info.plist";
				INFOPLIST_KEY_UIApplicationSupportsIndirectInputEvents = YES;
				INFOPLIST_KEY_UILaunchStoryboardName = LaunchScreen;
				INFOPLIST_KEY_UIMainStoryboardFile = Main;
				INFOPLIST_KEY_UISupportedInterfaceOrientations_iPad = "UIInterfaceOrientationPortrait UIInterfaceOrientationPortraitUpsideDown UIInterfaceOrientationLandscapeLeft UIInterfaceOrientationLandscapeRight";
				INFOPLIST_KEY_UISupportedInterfaceOrientations_iPhone = "UIInterfaceOrientationPortrait UIInterfaceOrientationLandscapeLeft UIInterfaceOrientationLandscapeRight";
				LD_RUNPATH_SEARCH_PATHS = (
					"$(inherited)",
					"@executable_path/Frameworks",
				);
				MARKETING_VERSION = 1.0;
				PRODUCT_BUNDLE_IDENTIFIER = "pl.wspaleniak.URLSession-DataTask-Codable";
				PRODUCT_NAME = "$(TARGET_NAME)";
				SUPPORTED_PLATFORMS = "iphoneos iphonesimulator";
				SUPPORTS_MACCATALYST = NO;
				SUPPORTS_MAC_DESIGNED_FOR_IPHONE_IPAD = NO;
				SWIFT_EMIT_LOC_STRINGS = YES;
				SWIFT_VERSION = 5.0;
				TARGETED_DEVICE_FAMILY = 1;
			};
			name = Debug;
		};
		92671B8328FC86BB00B823CB /* Release */ = {
			isa = XCBuildConfiguration;
			buildSettings = {
				ASSETCATALOG_COMPILER_APPICON_NAME = AppIcon;
				ASSETCATALOG_COMPILER_GLOBAL_ACCENT_COLOR_NAME = AccentColor;
				CODE_SIGN_STYLE = Automatic;
				CURRENT_PROJECT_VERSION = 1;
				DEVELOPMENT_TEAM = N9SPXNXF4B;
				GENERATE_INFOPLIST_FILE = YES;
				INFOPLIST_FILE = "URLSession_DataTask+Codable/Info.plist";
				INFOPLIST_KEY_UIApplicationSupportsIndirectInputEvents = YES;
				INFOPLIST_KEY_UILaunchStoryboardName = LaunchScreen;
				INFOPLIST_KEY_UIMainStoryboardFile = Main;
				INFOPLIST_KEY_UISupportedInterfaceOrientations_iPad = "UIInterfaceOrientationPortrait UIInterfaceOrientationPortraitUpsideDown UIInterfaceOrientationLandscapeLeft UIInterfaceOrientationLandscapeRight";
				INFOPLIST_KEY_UISupportedInterfaceOrientations_iPhone = "UIInterfaceOrientationPortrait UIInterfaceOrientationLandscapeLeft UIInterfaceOrientationLandscapeRight";
				LD_RUNPATH_SEARCH_PATHS = (
					"$(inherited)",
					"@executable_path/Frameworks",
				);
				MARKETING_VERSION = 1.0;
				PRODUCT_BUNDLE_IDENTIFIER = "pl.wspaleniak.URLSession-DataTask-Codable";
				PRODUCT_NAME = "$(TARGET_NAME)";
				SUPPORTED_PLATFORMS = "iphoneos iphonesimulator";
				SUPPORTS_MACCATALYST = NO;
				SUPPORTS_MAC_DESIGNED_FOR_IPHONE_IPAD = NO;
				SWIFT_EMIT_LOC_STRINGS = YES;
				SWIFT_VERSION = 5.0;
				TARGETED_DEVICE_FAMILY = 1;
			};
			name = Release;
		};
/* End XCBuildConfiguration section */

/* Begin XCConfigurationList section */
		92671B6528FC86BA00B823CB /* Build configuration list for PBXProject "URLSession_DataTask+Codable" */ = {
			isa = XCConfigurationList;
			buildConfigurations = (
				92671B7F28FC86BB00B823CB /* Debug */,
				92671B8028FC86BB00B823CB /* Release */,
			);
			defaultConfigurationIsVisible = 0;
			defaultConfigurationName = Release;
		};
		92671B8128FC86BB00B823CB /* Build configuration list for PBXNativeTarget "URLSession_DataTask+Codable" */ = {
			isa = XCConfigurationList;
			buildConfigurations = (
				92671B8228FC86BB00B823CB /* Debug */,
				92671B8328FC86BB00B823CB /* Release */,
			);
			defaultConfigurationIsVisible = 0;
			defaultConfigurationName = Release;
		};
/* End XCConfigurationList section */

/* Begin XCVersionGroup section */
		92671B7628FC86BA00B823CB /* URLSession_DataTask_Codable.xcdatamodeld */ = {
			isa = XCVersionGroup;
			children = (
				92671B7728FC86BA00B823CB /* URLSession_DataTask_Codable.xcdatamodel */,
			);
			currentVersion = 92671B7728FC86BA00B823CB /* URLSession_DataTask_Codable.xcdatamodel */;
			path = URLSession_DataTask_Codable.xcdatamodeld;
			sourceTree = "<group>";
			versionGroupType = wrapper.xcdatamodel;
		};
/* End XCVersionGroup section */
	};
	rootObject = 92671B6228FC86BA00B823CB /* Project object */;
}
