// !$*UTF8*$!
{
	archiveVersion = 1;
	classes = {
	};
	objectVersion = 56;
	objects = {

/* Begin PBXBuildFile section */
		92221E192902E50E006BD636 /* AppDelegate.swift in Sources */ = {isa = PBXBuildFile; fileRef = 92221E182902E50E006BD636 /* AppDelegate.swift */; };
		92221E1B2902E50E006BD636 /* SceneDelegate.swift in Sources */ = {isa = PBXBuildFile; fileRef = 92221E1A2902E50E006BD636 /* SceneDelegate.swift */; };
		92221E1D2902E50E006BD636 /* ViewController.swift in Sources */ = {isa = PBXBuildFile; fileRef = 92221E1C2902E50E006BD636 /* ViewController.swift */; };
		92221E202902E50E006BD636 /* Main.storyboard in Resources */ = {isa = PBXBuildFile; fileRef = 92221E1E2902E50E006BD636 /* Main.storyboard */; };
		92221E222902E50F006BD636 /* Assets.xcassets in Resources */ = {isa = PBXBuildFile; fileRef = 92221E212902E50F006BD636 /* Assets.xcassets */; };
		92221E252902E50F006BD636 /* LaunchScreen.storyboard in Resources */ = {isa = PBXBuildFile; fileRef = 92221E232902E50F006BD636 /* LaunchScreen.storyboard */; };
		92221E2D2902E665006BD636 /* Arithmetic.swift in Sources */ = {isa = PBXBuildFile; fileRef = 92221E2C2902E665006BD636 /* Arithmetic.swift */; };
		92221E352902ED74006BD636 /* UnitTestingTests.swift in Sources */ = {isa = PBXBuildFile; fileRef = 92221E342902ED74006BD636 /* UnitTestingTests.swift */; };
		92221E3C2902EECA006BD636 /* ArithmeticTests.swift in Sources */ = {isa = PBXBuildFile; fileRef = 92221E3B2902EECA006BD636 /* ArithmeticTests.swift */; };
/* End PBXBuildFile section */

/* Begin PBXContainerItemProxy section */
		92221E362902ED74006BD636 /* PBXContainerItemProxy */ = {
			isa = PBXContainerItemProxy;
			containerPortal = 92221E0D2902E50E006BD636 /* Project object */;
			proxyType = 1;
			remoteGlobalIDString = 92221E142902E50E006BD636;
			remoteInfo = UnitTesting;
		};
/* End PBXContainerItemProxy section */

/* Begin PBXFileReference section */
		92221E152902E50E006BD636 /* UnitTesting.app */ = {isa = PBXFileReference; explicitFileType = wrapper.application; includeInIndex = 0; path = UnitTesting.app; sourceTree = BUILT_PRODUCTS_DIR; };
		92221E182902E50E006BD636 /* AppDelegate.swift */ = {isa = PBXFileReference; lastKnownFileType = sourcecode.swift; path = AppDelegate.swift; sourceTree = "<group>"; };
		92221E1A2902E50E006BD636 /* SceneDelegate.swift */ = {isa = PBXFileReference; lastKnownFileType = sourcecode.swift; path = SceneDelegate.swift; sourceTree = "<group>"; };
		92221E1C2902E50E006BD636 /* ViewController.swift */ = {isa = PBXFileReference; lastKnownFileType = sourcecode.swift; path = ViewController.swift; sourceTree = "<group>"; };
		92221E1F2902E50E006BD636 /* Base */ = {isa = PBXFileReference; lastKnownFileType = file.storyboard; name = Base; path = Base.lproj/Main.storyboard; sourceTree = "<group>"; };
		92221E212902E50F006BD636 /* Assets.xcassets */ = {isa = PBXFileReference; lastKnownFileType = folder.assetcatalog; path = Assets.xcassets; sourceTree = "<group>"; };
		92221E242902E50F006BD636 /* Base */ = {isa = PBXFileReference; lastKnownFileType = file.storyboard; name = Base; path = Base.lproj/LaunchScreen.storyboard; sourceTree = "<group>"; };
		92221E262902E50F006BD636 /* Info.plist */ = {isa = PBXFileReference; lastKnownFileType = text.plist.xml; path = Info.plist; sourceTree = "<group>"; };
		92221E2C2902E665006BD636 /* Arithmetic.swift */ = {isa = PBXFileReference; lastKnownFileType = sourcecode.swift; path = Arithmetic.swift; sourceTree = "<group>"; };
		92221E322902ED74006BD636 /* UnitTestingTests.xctest */ = {isa = PBXFileReference; explicitFileType = wrapper.cfbundle; includeInIndex = 0; path = UnitTestingTests.xctest; sourceTree = BUILT_PRODUCTS_DIR; };
		92221E342902ED74006BD636 /* UnitTestingTests.swift */ = {isa = PBXFileReference; lastKnownFileType = sourcecode.swift; path = UnitTestingTests.swift; sourceTree = "<group>"; };
		92221E3B2902EECA006BD636 /* ArithmeticTests.swift */ = {isa = PBXFileReference; lastKnownFileType = sourcecode.swift; path = ArithmeticTests.swift; sourceTree = "<group>"; };
/* End PBXFileReference section */

/* Begin PBXFrameworksBuildPhase section */
		92221E122902E50E006BD636 /* Frameworks */ = {
			isa = PBXFrameworksBuildPhase;
			buildActionMask = 2147483647;
			files = (
			);
			runOnlyForDeploymentPostprocessing = 0;
		};
		92221E2F2902ED74006BD636 /* Frameworks */ = {
			isa = PBXFrameworksBuildPhase;
			buildActionMask = 2147483647;
			files = (
			);
			runOnlyForDeploymentPostprocessing = 0;
		};
/* End PBXFrameworksBuildPhase section */

/* Begin PBXGroup section */
		92221E0C2902E50E006BD636 = {
			isa = PBXGroup;
			children = (
				92221E172902E50E006BD636 /* UnitTesting */,
				92221E332902ED74006BD636 /* UnitTestingTests */,
				92221E162902E50E006BD636 /* Products */,
			);
			sourceTree = "<group>";
		};
		92221E162902E50E006BD636 /* Products */ = {
			isa = PBXGroup;
			children = (
				92221E152902E50E006BD636 /* UnitTesting.app */,
				92221E322902ED74006BD636 /* UnitTestingTests.xctest */,
			);
			name = Products;
			sourceTree = "<group>";
		};
		92221E172902E50E006BD636 /* UnitTesting */ = {
			isa = PBXGroup;
			children = (
				92221E182902E50E006BD636 /* AppDelegate.swift */,
				92221E1A2902E50E006BD636 /* SceneDelegate.swift */,
				92221E1C2902E50E006BD636 /* ViewController.swift */,
				92221E1E2902E50E006BD636 /* Main.storyboard */,
				92221E212902E50F006BD636 /* Assets.xcassets */,
				92221E232902E50F006BD636 /* LaunchScreen.storyboard */,
				92221E262902E50F006BD636 /* Info.plist */,
				92221E2C2902E665006BD636 /* Arithmetic.swift */,
			);
			path = UnitTesting;
			sourceTree = "<group>";
		};
		92221E332902ED74006BD636 /* UnitTestingTests */ = {
			isa = PBXGroup;
			children = (
				92221E342902ED74006BD636 /* UnitTestingTests.swift */,
				92221E3B2902EECA006BD636 /* ArithmeticTests.swift */,
			);
			path = UnitTestingTests;
			sourceTree = "<group>";
		};
/* End PBXGroup section */

/* Begin PBXNativeTarget section */
		92221E142902E50E006BD636 /* UnitTesting */ = {
			isa = PBXNativeTarget;
			buildConfigurationList = 92221E292902E50F006BD636 /* Build configuration list for PBXNativeTarget "UnitTesting" */;
			buildPhases = (
				92221E112902E50E006BD636 /* Sources */,
				92221E122902E50E006BD636 /* Frameworks */,
				92221E132902E50E006BD636 /* Resources */,
			);
			buildRules = (
			);
			dependencies = (
			);
			name = UnitTesting;
			productName = UnitTesting;
			productReference = 92221E152902E50E006BD636 /* UnitTesting.app */;
			productType = "com.apple.product-type.application";
		};
		92221E312902ED74006BD636 /* UnitTestingTests */ = {
			isa = PBXNativeTarget;
			buildConfigurationList = 92221E382902ED74006BD636 /* Build configuration list for PBXNativeTarget "UnitTestingTests" */;
			buildPhases = (
				92221E2E2902ED74006BD636 /* Sources */,
				92221E2F2902ED74006BD636 /* Frameworks */,
				92221E302902ED74006BD636 /* Resources */,
			);
			buildRules = (
			);
			dependencies = (
				92221E372902ED74006BD636 /* PBXTargetDependency */,
			);
			name = UnitTestingTests;
			productName = UnitTestingTests;
			productReference = 92221E322902ED74006BD636 /* UnitTestingTests.xctest */;
			productType = "com.apple.product-type.bundle.unit-test";
		};
/* End PBXNativeTarget section */

/* Begin PBXProject section */
		92221E0D2902E50E006BD636 /* Project object */ = {
			isa = PBXProject;
			attributes = {
				BuildIndependentTargetsInParallel = 1;
				LastSwiftUpdateCheck = 1400;
				LastUpgradeCheck = 1400;
				TargetAttributes = {
					92221E142902E50E006BD636 = {
						CreatedOnToolsVersion = 14.0.1;
					};
					92221E312902ED74006BD636 = {
						CreatedOnToolsVersion = 14.0.1;
						TestTargetID = 92221E142902E50E006BD636;
					};
				};
			};
			buildConfigurationList = 92221E102902E50E006BD636 /* Build configuration list for PBXProject "UnitTesting" */;
			compatibilityVersion = "Xcode 14.0";
			developmentRegion = en;
			hasScannedForEncodings = 0;
			knownRegions = (
				en,
				Base,
			);
			mainGroup = 92221E0C2902E50E006BD636;
			productRefGroup = 92221E162902E50E006BD636 /* Products */;
			projectDirPath = "";
			projectRoot = "";
			targets = (
				92221E142902E50E006BD636 /* UnitTesting */,
				92221E312902ED74006BD636 /* UnitTestingTests */,
			);
		};
/* End PBXProject section */

/* Begin PBXResourcesBuildPhase section */
		92221E132902E50E006BD636 /* Resources */ = {
			isa = PBXResourcesBuildPhase;
			buildActionMask = 2147483647;
			files = (
				92221E252902E50F006BD636 /* LaunchScreen.storyboard in Resources */,
				92221E222902E50F006BD636 /* Assets.xcassets in Resources */,
				92221E202902E50E006BD636 /* Main.storyboard in Resources */,
			);
			runOnlyForDeploymentPostprocessing = 0;
		};
		92221E302902ED74006BD636 /* Resources */ = {
			isa = PBXResourcesBuildPhase;
			buildActionMask = 2147483647;
			files = (
			);
			runOnlyForDeploymentPostprocessing = 0;
		};
/* End PBXResourcesBuildPhase section */

/* Begin PBXSourcesBuildPhase section */
		92221E112902E50E006BD636 /* Sources */ = {
			isa = PBXSourcesBuildPhase;
			buildActionMask = 2147483647;
			files = (
				92221E1D2902E50E006BD636 /* ViewController.swift in Sources */,
				92221E2D2902E665006BD636 /* Arithmetic.swift in Sources */,
				92221E192902E50E006BD636 /* AppDelegate.swift in Sources */,
				92221E1B2902E50E006BD636 /* SceneDelegate.swift in Sources */,
			);
			runOnlyForDeploymentPostprocessing = 0;
		};
		92221E2E2902ED74006BD636 /* Sources */ = {
			isa = PBXSourcesBuildPhase;
			buildActionMask = 2147483647;
			files = (
				92221E352902ED74006BD636 /* UnitTestingTests.swift in Sources */,
				92221E3C2902EECA006BD636 /* ArithmeticTests.swift in Sources */,
			);
			runOnlyForDeploymentPostprocessing = 0;
		};
/* End PBXSourcesBuildPhase section */

/* Begin PBXTargetDependency section */
		92221E372902ED74006BD636 /* PBXTargetDependency */ = {
			isa = PBXTargetDependency;
			target = 92221E142902E50E006BD636 /* UnitTesting */;
			targetProxy = 92221E362902ED74006BD636 /* PBXContainerItemProxy */;
		};
/* End PBXTargetDependency section */

/* Begin PBXVariantGroup section */
		92221E1E2902E50E006BD636 /* Main.storyboard */ = {
			isa = PBXVariantGroup;
			children = (
				92221E1F2902E50E006BD636 /* Base */,
			);
			name = Main.storyboard;
			sourceTree = "<group>";
		};
		92221E232902E50F006BD636 /* LaunchScreen.storyboard */ = {
			isa = PBXVariantGroup;
			children = (
				92221E242902E50F006BD636 /* Base */,
			);
			name = LaunchScreen.storyboard;
			sourceTree = "<group>";
		};
/* End PBXVariantGroup section */

/* Begin XCBuildConfiguration section */
		92221E272902E50F006BD636 /* Debug */ = {
			isa = XCBuildConfiguration;
			buildSettings = {
				ALWAYS_SEARCH_USER_PATHS = NO;
				CLANG_ANALYZER_NONNULL = YES;
				CLANG_ANALYZER_NUMBER_OBJECT_CONVERSION = YES_AGGRESSIVE;
				CLANG_CXX_LANGUAGE_STANDARD = "gnu++20";
				CLANG_ENABLE_MODULES = YES;
				CLANG_ENABLE_OBJC_ARC = YES;
				CLANG_ENABLE_OBJC_WEAK = YES;
				CLANG_WARN_BLOCK_CAPTURE_AUTORELEASING = YES;
				CLANG_WARN_BOOL_CONVERSION = YES;
				CLANG_WARN_COMMA = YES;
				CLANG_WARN_CONSTANT_CONVERSION = YES;
				CLANG_WARN_DEPRECATED_OBJC_IMPLEMENTATIONS = YES;
				CLANG_WARN_DIRECT_OBJC_ISA_USAGE = YES_ERROR;
				CLANG_WARN_DOCUMENTATION_COMMENTS = YES;
				CLANG_WARN_EMPTY_BODY = YES;
				CLANG_WARN_ENUM_CONVERSION = YES;
				CLANG_WARN_INFINITE_RECURSION = YES;
				CLANG_WARN_INT_CONVERSION = YES;
				CLANG_WARN_NON_LITERAL_NULL_CONVERSION = YES;
				CLANG_WARN_OBJC_IMPLICIT_RETAIN_SELF = YES;
				CLANG_WARN_OBJC_LITERAL_CONVERSION = YES;
				CLANG_WARN_OBJC_ROOT_CLASS = YES_ERROR;
				CLANG_WARN_QUOTED_INCLUDE_IN_FRAMEWORK_HEADER = YES;
				CLANG_WARN_RANGE_LOOP_ANALYSIS = YES;
				CLANG_WARN_STRICT_PROTOTYPES = YES;
				CLANG_WARN_SUSPICIOUS_MOVE = YES;
				CLANG_WARN_UNGUARDED_AVAILABILITY = YES_AGGRESSIVE;
				CLANG_WARN_UNREACHABLE_CODE = YES;
				CLANG_WARN__DUPLICATE_METHOD_MATCH = YES;
				COPY_PHASE_STRIP = NO;
				DEBUG_INFORMATION_FORMAT = dwarf;
				ENABLE_STRICT_OBJC_MSGSEND = YES;
				ENABLE_TESTABILITY = YES;
				GCC_C_LANGUAGE_STANDARD = gnu11;
				GCC_DYNAMIC_NO_PIC = NO;
				GCC_NO_COMMON_BLOCKS = YES;
				GCC_OPTIMIZATION_LEVEL = 0;
				GCC_PREPROCESSOR_DEFINITIONS = (
					"DEBUG=1",
					"$(inherited)",
				);
				GCC_WARN_64_TO_32_BIT_CONVERSION = YES;
				GCC_WARN_ABOUT_RETURN_TYPE = YES_ERROR;
				GCC_WARN_UNDECLARED_SELECTOR = YES;
				GCC_WARN_UNINITIALIZED_AUTOS = YES_AGGRESSIVE;
				GCC_WARN_UNUSED_FUNCTION = YES;
				GCC_WARN_UNUSED_VARIABLE = YES;
				IPHONEOS_DEPLOYMENT_TARGET = 16.0;
				MTL_ENABLE_DEBUG_INFO = INCLUDE_SOURCE;
				MTL_FAST_MATH = YES;
				ONLY_ACTIVE_ARCH = YES;
				SDKROOT = iphoneos;
				SWIFT_ACTIVE_COMPILATION_CONDITIONS = DEBUG;
				SWIFT_OPTIMIZATION_LEVEL = "-Onone";
			};
			name = Debug;
		};
		92221E282902E50F006BD636 /* Release */ = {
			isa = XCBuildConfiguration;
			buildSettings = {
				ALWAYS_SEARCH_USER_PATHS = NO;
				CLANG_ANALYZER_NONNULL = YES;
				CLANG_ANALYZER_NUMBER_OBJECT_CONVERSION = YES_AGGRESSIVE;
				CLANG_CXX_LANGUAGE_STANDARD = "gnu++20";
				CLANG_ENABLE_MODULES = YES;
				CLANG_ENABLE_OBJC_ARC = YES;
				CLANG_ENABLE_OBJC_WEAK = YES;
				CLANG_WARN_BLOCK_CAPTURE_AUTORELEASING = YES;
				CLANG_WARN_BOOL_CONVERSION = YES;
				CLANG_WARN_COMMA = YES;
				CLANG_WARN_CONSTANT_CONVERSION = YES;
				CLANG_WARN_DEPRECATED_OBJC_IMPLEMENTATIONS = YES;
				CLANG_WARN_DIRECT_OBJC_ISA_USAGE = YES_ERROR;
				CLANG_WARN_DOCUMENTATION_COMMENTS = YES;
				CLANG_WARN_EMPTY_BODY = YES;
				CLANG_WARN_ENUM_CONVERSION = YES;
				CLANG_WARN_INFINITE_RECURSION = YES;
				CLANG_WARN_INT_CONVERSION = YES;
				CLANG_WARN_NON_LITERAL_NULL_CONVERSION = YES;
				CLANG_WARN_OBJC_IMPLICIT_RETAIN_SELF = YES;
				CLANG_WARN_OBJC_LITERAL_CONVERSION = YES;
				CLANG_WARN_OBJC_ROOT_CLASS = YES_ERROR;
				CLANG_WARN_QUOTED_INCLUDE_IN_FRAMEWORK_HEADER = YES;
				CLANG_WARN_RANGE_LOOP_ANALYSIS = YES;
				CLANG_WARN_STRICT_PROTOTYPES = YES;
				CLANG_WARN_SUSPICIOUS_MOVE = YES;
				CLANG_WARN_UNGUARDED_AVAILABILITY = YES_AGGRESSIVE;
				CLANG_WARN_UNREACHABLE_CODE = YES;
				CLANG_WARN__DUPLICATE_METHOD_MATCH = YES;
				COPY_PHASE_STRIP = NO;
				DEBUG_INFORMATION_FORMAT = "dwarf-with-dsym";
				ENABLE_NS_ASSERTIONS = NO;
				ENABLE_STRICT_OBJC_MSGSEND = YES;
				GCC_C_LANGUAGE_STANDARD = gnu11;
				GCC_NO_COMMON_BLOCKS = YES;
				GCC_WARN_64_TO_32_BIT_CONVERSION = YES;
				GCC_WARN_ABOUT_RETURN_TYPE = YES_ERROR;
				GCC_WARN_UNDECLARED_SELECTOR = YES;
				GCC_WARN_UNINITIALIZED_AUTOS = YES_AGGRESSIVE;
				GCC_WARN_UNUSED_FUNCTION = YES;
				GCC_WARN_UNUSED_VARIABLE = YES;
				IPHONEOS_DEPLOYMENT_TARGET = 16.0;
				MTL_ENABLE_DEBUG_INFO = NO;
				MTL_FAST_MATH = YES;
				SDKROOT = iphoneos;
				SWIFT_COMPILATION_MODE = wholemodule;
				SWIFT_OPTIMIZATION_LEVEL = "-O";
				VALIDATE_PRODUCT = YES;
			};
			name = Release;
		};
		92221E2A2902E50F006BD636 /* Debug */ = {
			isa = XCBuildConfiguration;
			buildSettings = {
				ASSETCATALOG_COMPILER_APPICON_NAME = AppIcon;
				ASSETCATALOG_COMPILER_GLOBAL_ACCENT_COLOR_NAME = AccentColor;
				CODE_SIGN_STYLE = Automatic;
				CURRENT_PROJECT_VERSION = 1;
				DEVELOPMENT_TEAM = N9SPXNXF4B;
				GENERATE_INFOPLIST_FILE = YES;
				INFOPLIST_FILE = UnitTesting/Info.plist;
				INFOPLIST_KEY_UIApplicationSupportsIndirectInputEvents = YES;
				INFOPLIST_KEY_UILaunchStoryboardName = LaunchScreen;
				INFOPLIST_KEY_UIMainStoryboardFile = Main;
				INFOPLIST_KEY_UISupportedInterfaceOrientations = UIInterfaceOrientationPortrait;
				INFOPLIST_KEY_UISupportedInterfaceOrientations_iPad = "UIInterfaceOrientationLandscapeLeft UIInterfaceOrientationLandscapeRight UIInterfaceOrientationPortrait UIInterfaceOrientationPortraitUpsideDown";
				LD_RUNPATH_SEARCH_PATHS = (
					"$(inherited)",
					"@executable_path/Frameworks",
				);
				MARKETING_VERSION = 1.0;
				PRODUCT_BUNDLE_IDENTIFIER = pl.wspaleniak.UnitTesting;
				PRODUCT_NAME = "$(TARGET_NAME)";
				SUPPORTED_PLATFORMS = "iphoneos iphonesimulator";
				SUPPORTS_MACCATALYST = NO;
				SUPPORTS_MAC_DESIGNED_FOR_IPHONE_IPAD = NO;
				SWIFT_EMIT_LOC_STRINGS = YES;
				SWIFT_VERSION = 5.0;
				TARGETED_DEVICE_FAMILY = 1;
			};
			name = Debug;
		};
		92221E2B2902E50F006BD636 /* Release */ = {
			isa = XCBuildConfiguration;
			buildSettings = {
				ASSETCATALOG_COMPILER_APPICON_NAME = AppIcon;
				ASSETCATALOG_COMPILER_GLOBAL_ACCENT_COLOR_NAME = AccentColor;
				CODE_SIGN_STYLE = Automatic;
				CURRENT_PROJECT_VERSION = 1;
				DEVELOPMENT_TEAM = N9SPXNXF4B;
				GENERATE_INFOPLIST_FILE = YES;
				INFOPLIST_FILE = UnitTesting/Info.plist;
				INFOPLIST_KEY_UIApplicationSupportsIndirectInputEvents = YES;
				INFOPLIST_KEY_UILaunchStoryboardName = LaunchScreen;
				INFOPLIST_KEY_UIMainStoryboardFile = Main;
				INFOPLIST_KEY_UISupportedInterfaceOrientations = UIInterfaceOrientationPortrait;
				INFOPLIST_KEY_UISupportedInterfaceOrientations_iPad = "UIInterfaceOrientationLandscapeLeft UIInterfaceOrientationLandscapeRight UIInterfaceOrientationPortrait UIInterfaceOrientationPortraitUpsideDown";
				LD_RUNPATH_SEARCH_PATHS = (
					"$(inherited)",
					"@executable_path/Frameworks",
				);
				MARKETING_VERSION = 1.0;
				PRODUCT_BUNDLE_IDENTIFIER = pl.wspaleniak.UnitTesting;
				PRODUCT_NAME = "$(TARGET_NAME)";
				SUPPORTED_PLATFORMS = "iphoneos iphonesimulator";
				SUPPORTS_MACCATALYST = NO;
				SUPPORTS_MAC_DESIGNED_FOR_IPHONE_IPAD = NO;
				SWIFT_EMIT_LOC_STRINGS = YES;
				SWIFT_VERSION = 5.0;
				TARGETED_DEVICE_FAMILY = 1;
			};
			name = Release;
		};
		92221E392902ED74006BD636 /* Debug */ = {
			isa = XCBuildConfiguration;
			buildSettings = {
				BUNDLE_LOADER = "$(TEST_HOST)";
				CODE_SIGN_STYLE = Automatic;
				CURRENT_PROJECT_VERSION = 1;
				DEVELOPMENT_TEAM = N9SPXNXF4B;
				GENERATE_INFOPLIST_FILE = YES;
				MARKETING_VERSION = 1.0;
				PRODUCT_BUNDLE_IDENTIFIER = pl.wspaleniak.UnitTestingTests;
				PRODUCT_NAME = "$(TARGET_NAME)";
				SUPPORTED_PLATFORMS = "iphoneos iphonesimulator";
				SUPPORTS_MACCATALYST = NO;
				SUPPORTS_MAC_DESIGNED_FOR_IPHONE_IPAD = NO;
				SWIFT_EMIT_LOC_STRINGS = NO;
				SWIFT_VERSION = 5.0;
				TARGETED_DEVICE_FAMILY = 1;
				TEST_HOST = "$(BUILT_PRODUCTS_DIR)/UnitTesting.app/$(BUNDLE_EXECUTABLE_FOLDER_PATH)/UnitTesting";
			};
			name = Debug;
		};
		92221E3A2902ED74006BD636 /* Release */ = {
			isa = XCBuildConfiguration;
			buildSettings = {
				BUNDLE_LOADER = "$(TEST_HOST)";
				CODE_SIGN_STYLE = Automatic;
				CURRENT_PROJECT_VERSION = 1;
				DEVELOPMENT_TEAM = N9SPXNXF4B;
				GENERATE_INFOPLIST_FILE = YES;
				MARKETING_VERSION = 1.0;
				PRODUCT_BUNDLE_IDENTIFIER = pl.wspaleniak.UnitTestingTests;
				PRODUCT_NAME = "$(TARGET_NAME)";
				SUPPORTED_PLATFORMS = "iphoneos iphonesimulator";
				SUPPORTS_MACCATALYST = NO;
				SUPPORTS_MAC_DESIGNED_FOR_IPHONE_IPAD = NO;
				SWIFT_EMIT_LOC_STRINGS = NO;
				SWIFT_VERSION = 5.0;
				TARGETED_DEVICE_FAMILY = 1;
				TEST_HOST = "$(BUILT_PRODUCTS_DIR)/UnitTesting.app/$(BUNDLE_EXECUTABLE_FOLDER_PATH)/UnitTesting";
			};
			name = Release;
		};
/* End XCBuildConfiguration section */

/* Begin XCConfigurationList section */
		92221E102902E50E006BD636 /* Build configuration list for PBXProject "UnitTesting" */ = {
			isa = XCConfigurationList;
			buildConfigurations = (
				92221E272902E50F006BD636 /* Debug */,
				92221E282902E50F006BD636 /* Release */,
			);
			defaultConfigurationIsVisible = 0;
			defaultConfigurationName = Release;
		};
		92221E292902E50F006BD636 /* Build configuration list for PBXNativeTarget "UnitTesting" */ = {
			isa = XCConfigurationList;
			buildConfigurations = (
				92221E2A2902E50F006BD636 /* Debug */,
				92221E2B2902E50F006BD636 /* Release */,
			);
			defaultConfigurationIsVisible = 0;
			defaultConfigurationName = Release;
		};
		92221E382902ED74006BD636 /* Build configuration list for PBXNativeTarget "UnitTestingTests" */ = {
			isa = XCConfigurationList;
			buildConfigurations = (
				92221E392902ED74006BD636 /* Debug */,
				92221E3A2902ED74006BD636 /* Release */,
			);
			defaultConfigurationIsVisible = 0;
			defaultConfigurationName = Release;
		};
/* End XCConfigurationList section */
	};
	rootObject = 92221E0D2902E50E006BD636 /* Project object */;
}
